
Microsoft Visual Studio Solution File, Format Version 12.00
# Visual Studio 14
VisualStudioVersion = 14.0.23107.0
MinimumVisualStudioVersion = 10.0.40219.1
Project("{8BC9CEB8-8B4A-11D0-8D11-00A0C91BC942}") = "week1-t1", "tasks.vcxproj", "{19A77248-8379-4949-BCBE-DE20406A7906}"
EndProject
Project("{8BC9CEB8-8B4A-11D0-8D11-00A0C91BC942}") = "week1-t2", "..\week1-t2\week1-t2.vcxproj", "{EB78CF1C-CB90-4FEB-A283-3DEE2F7F4A19}"
EndProject
Project("{8BC9CEB8-8B4A-11D0-8D11-00A0C91BC942}") = "week1-t3", "week1-t3\week1-t3.vcxproj", "{4640C6D4-C7B9-4B71-B088-D3EFDD401940}"
EndProject
Project("{8BC9CEB8-8B4A-11D0-8D11-00A0C91BC942}") = "week1-t4", "week1-t4\week1-t4.vcxproj", "{858FCA22-3544-47B0-A007-B6CC8430FD5A}"
EndProject
Project("{8BC9CEB8-8B4A-11D0-8D11-00A0C91BC942}") = "week1-t5", "week1-t5\week1-t5.vcxproj", "{E5660DBF-91DC-46EA-86C4-07FFF87D11E2}"
EndProject
Project("{8BC9CEB8-8B4A-11D0-8D11-00A0C91BC942}") = "week1-t6", "week1-t6\week1-t6.vcxproj", "{97BE19C1-7F46-4706-ADFB-CBC420B9C527}"
EndProject
Project("{8BC9CEB8-8B4A-11D0-8D11-00A0C91BC942}") = "week1-t7", "week1-t7\week1-t7.vcxproj", "{AA6B8A08-E957-40EA-ADE1-41018EAEE43B}"
EndProject
Project("{8BC9CEB8-8B4A-11D0-8D11-00A0C91BC942}") = "week1-t8", "week1-t8\week1-t8.vcxproj", "{467490F4-B504-43CD-88F1-ED5B843B729A}"
EndProject
Project("{8BC9CEB8-8B4A-11D0-8D11-00A0C91BC942}") = "week1-t9", "week1-t9\week1-t9.vcxproj", "{9DEC74E9-03EF-4A70-9FDD-439004CB1B44}"
EndProject
Project("{8BC9CEB8-8B4A-11D0-8D11-00A0C91BC942}") = "week1-t10", "week1-t10\week1-t10.vcxproj", "{93C15EA9-A7B3-4CC3-87B3-5C9A2AC927E6}"
EndProject
Project("{8BC9CEB8-8B4A-11D0-8D11-00A0C91BC942}") = "week1-t11", "week1-t11\week1-t11.vcxproj", "{3732D201-4F48-465D-885B-2ECD8BA85AFF}"
EndProject
Project("{8BC9CEB8-8B4A-11D0-8D11-00A0C91BC942}") = "week1-t12", "week1-t12\week1-t12.vcxproj", "{F84A7571-B693-4A03-80CF-90652DA0D484}"
EndProject
Project("{8BC9CEB8-8B4A-11D0-8D11-00A0C91BC942}") = "week1-t13", "week1-t13\week1-t13.vcxproj", "{3B2BDB96-789D-4F79-BD5E-FFF61A8985AC}"
EndProject
Project("{8BC9CEB8-8B4A-11D0-8D11-00A0C91BC942}") = "week1-t14", "..\week1-t14\week1-t14.vcxproj", "{C34EB43C-C5C5-4C3A-A4C3-E48E89EEB122}"
EndProject
Project("{8BC9CEB8-8B4A-11D0-8D11-00A0C91BC942}") = "week2-t1", "..\week2-t1\week2-t1.vcxproj", "{D385A8F6-C761-431E-9297-927BA346D981}"
EndProject
Project("{8BC9CEB8-8B4A-11D0-8D11-00A0C91BC942}") = "week2-t2", "week2-t2\week2-t2.vcxproj", "{34DB0497-555A-45AD-B38F-CDE52C40A14A}"
EndProject
Global
	GlobalSection(SolutionConfigurationPlatforms) = preSolution
		Debug|x64 = Debug|x64
		Debug|x86 = Debug|x86
		Release|x64 = Release|x64
		Release|x86 = Release|x86
	EndGlobalSection
	GlobalSection(ProjectConfigurationPlatforms) = postSolution
		{19A77248-8379-4949-BCBE-DE20406A7906}.Debug|x64.ActiveCfg = Debug|x64
		{19A77248-8379-4949-BCBE-DE20406A7906}.Debug|x64.Build.0 = Debug|x64
		{19A77248-8379-4949-BCBE-DE20406A7906}.Debug|x86.ActiveCfg = Debug|Win32
		{19A77248-8379-4949-BCBE-DE20406A7906}.Debug|x86.Build.0 = Debug|Win32
		{19A77248-8379-4949-BCBE-DE20406A7906}.Release|x64.ActiveCfg = Release|x64
		{19A77248-8379-4949-BCBE-DE20406A7906}.Release|x64.Build.0 = Release|x64
		{19A77248-8379-4949-BCBE-DE20406A7906}.Release|x86.ActiveCfg = Release|Win32
		{19A77248-8379-4949-BCBE-DE20406A7906}.Release|x86.Build.0 = Release|Win32
		{EB78CF1C-CB90-4FEB-A283-3DEE2F7F4A19}.Debug|x64.ActiveCfg = Debug|x64
		{EB78CF1C-CB90-4FEB-A283-3DEE2F7F4A19}.Debug|x64.Build.0 = Debug|x64
		{EB78CF1C-CB90-4FEB-A283-3DEE2F7F4A19}.Debug|x86.ActiveCfg = Debug|Win32
		{EB78CF1C-CB90-4FEB-A283-3DEE2F7F4A19}.Debug|x86.Build.0 = Debug|Win32
		{EB78CF1C-CB90-4FEB-A283-3DEE2F7F4A19}.Release|x64.ActiveCfg = Release|x64
		{EB78CF1C-CB90-4FEB-A283-3DEE2F7F4A19}.Release|x64.Build.0 = Release|x64
		{EB78CF1C-CB90-4FEB-A283-3DEE2F7F4A19}.Release|x86.ActiveCfg = Release|Win32
		{EB78CF1C-CB90-4FEB-A283-3DEE2F7F4A19}.Release|x86.Build.0 = Release|Win32
		{4640C6D4-C7B9-4B71-B088-D3EFDD401940}.Debug|x64.ActiveCfg = Debug|x64
		{4640C6D4-C7B9-4B71-B088-D3EFDD401940}.Debug|x64.Build.0 = Debug|x64
		{4640C6D4-C7B9-4B71-B088-D3EFDD401940}.Debug|x86.ActiveCfg = Debug|Win32
		{4640C6D4-C7B9-4B71-B088-D3EFDD401940}.Debug|x86.Build.0 = Debug|Win32
		{4640C6D4-C7B9-4B71-B088-D3EFDD401940}.Release|x64.ActiveCfg = Release|x64
		{4640C6D4-C7B9-4B71-B088-D3EFDD401940}.Release|x64.Build.0 = Release|x64
		{4640C6D4-C7B9-4B71-B088-D3EFDD401940}.Release|x86.ActiveCfg = Release|Win32
		{4640C6D4-C7B9-4B71-B088-D3EFDD401940}.Release|x86.Build.0 = Release|Win32
		{858FCA22-3544-47B0-A007-B6CC8430FD5A}.Debug|x64.ActiveCfg = Debug|x64
		{858FCA22-3544-47B0-A007-B6CC8430FD5A}.Debug|x64.Build.0 = Debug|x64
		{858FCA22-3544-47B0-A007-B6CC8430FD5A}.Debug|x86.ActiveCfg = Debug|Win32
		{858FCA22-3544-47B0-A007-B6CC8430FD5A}.Debug|x86.Build.0 = Debug|Win32
		{858FCA22-3544-47B0-A007-B6CC8430FD5A}.Release|x64.ActiveCfg = Release|x64
		{858FCA22-3544-47B0-A007-B6CC8430FD5A}.Release|x64.Build.0 = Release|x64
		{858FCA22-3544-47B0-A007-B6CC8430FD5A}.Release|x86.ActiveCfg = Release|Win32
		{858FCA22-3544-47B0-A007-B6CC8430FD5A}.Release|x86.Build.0 = Release|Win32
		{E5660DBF-91DC-46EA-86C4-07FFF87D11E2}.Debug|x64.ActiveCfg = Debug|x64
		{E5660DBF-91DC-46EA-86C4-07FFF87D11E2}.Debug|x64.Build.0 = Debug|x64
		{E5660DBF-91DC-46EA-86C4-07FFF87D11E2}.Debug|x86.ActiveCfg = Debug|Win32
		{E5660DBF-91DC-46EA-86C4-07FFF87D11E2}.Debug|x86.Build.0 = Debug|Win32
		{E5660DBF-91DC-46EA-86C4-07FFF87D11E2}.Release|x64.ActiveCfg = Release|x64
		{E5660DBF-91DC-46EA-86C4-07FFF87D11E2}.Release|x64.Build.0 = Release|x64
		{E5660DBF-91DC-46EA-86C4-07FFF87D11E2}.Release|x86.ActiveCfg = Release|Win32
		{E5660DBF-91DC-46EA-86C4-07FFF87D11E2}.Release|x86.Build.0 = Release|Win32
		{97BE19C1-7F46-4706-ADFB-CBC420B9C527}.Debug|x64.ActiveCfg = Debug|x64
		{97BE19C1-7F46-4706-ADFB-CBC420B9C527}.Debug|x64.Build.0 = Debug|x64
		{97BE19C1-7F46-4706-ADFB-CBC420B9C527}.Debug|x86.ActiveCfg = Debug|Win32
		{97BE19C1-7F46-4706-ADFB-CBC420B9C527}.Debug|x86.Build.0 = Debug|Win32
		{97BE19C1-7F46-4706-ADFB-CBC420B9C527}.Release|x64.ActiveCfg = Release|x64
		{97BE19C1-7F46-4706-ADFB-CBC420B9C527}.Release|x64.Build.0 = Release|x64
		{97BE19C1-7F46-4706-ADFB-CBC420B9C527}.Release|x86.ActiveCfg = Release|Win32
		{97BE19C1-7F46-4706-ADFB-CBC420B9C527}.Release|x86.Build.0 = Release|Win32
		{AA6B8A08-E957-40EA-ADE1-41018EAEE43B}.Debug|x64.ActiveCfg = Debug|x64
		{AA6B8A08-E957-40EA-ADE1-41018EAEE43B}.Debug|x64.Build.0 = Debug|x64
		{AA6B8A08-E957-40EA-ADE1-41018EAEE43B}.Debug|x86.ActiveCfg = Debug|Win32
		{AA6B8A08-E957-40EA-ADE1-41018EAEE43B}.Debug|x86.Build.0 = Debug|Win32
		{AA6B8A08-E957-40EA-ADE1-41018EAEE43B}.Release|x64.ActiveCfg = Release|x64
		{AA6B8A08-E957-40EA-ADE1-41018EAEE43B}.Release|x64.Build.0 = Release|x64
		{AA6B8A08-E957-40EA-ADE1-41018EAEE43B}.Release|x86.ActiveCfg = Release|Win32
		{AA6B8A08-E957-40EA-ADE1-41018EAEE43B}.Release|x86.Build.0 = Release|Win32
		{467490F4-B504-43CD-88F1-ED5B843B729A}.Debug|x64.ActiveCfg = Debug|x64
		{467490F4-B504-43CD-88F1-ED5B843B729A}.Debug|x64.Build.0 = Debug|x64
		{467490F4-B504-43CD-88F1-ED5B843B729A}.Debug|x86.ActiveCfg = Debug|Win32
		{467490F4-B504-43CD-88F1-ED5B843B729A}.Debug|x86.Build.0 = Debug|Win32
		{467490F4-B504-43CD-88F1-ED5B843B729A}.Release|x64.ActiveCfg = Release|x64
		{467490F4-B504-43CD-88F1-ED5B843B729A}.Release|x64.Build.0 = Release|x64
		{467490F4-B504-43CD-88F1-ED5B843B729A}.Release|x86.ActiveCfg = Release|Win32
		{467490F4-B504-43CD-88F1-ED5B843B729A}.Release|x86.Build.0 = Release|Win32
		{9DEC74E9-03EF-4A70-9FDD-439004CB1B44}.Debug|x64.ActiveCfg = Debug|x64
		{9DEC74E9-03EF-4A70-9FDD-439004CB1B44}.Debug|x64.Build.0 = Debug|x64
		{9DEC74E9-03EF-4A70-9FDD-439004CB1B44}.Debug|x86.ActiveCfg = Debug|Win32
		{9DEC74E9-03EF-4A70-9FDD-439004CB1B44}.Debug|x86.Build.0 = Debug|Win32
		{9DEC74E9-03EF-4A70-9FDD-439004CB1B44}.Release|x64.ActiveCfg = Release|x64
		{9DEC74E9-03EF-4A70-9FDD-439004CB1B44}.Release|x64.Build.0 = Release|x64
		{9DEC74E9-03EF-4A70-9FDD-439004CB1B44}.Release|x86.ActiveCfg = Release|Win32
		{9DEC74E9-03EF-4A70-9FDD-439004CB1B44}.Release|x86.Build.0 = Release|Win32
		{93C15EA9-A7B3-4CC3-87B3-5C9A2AC927E6}.Debug|x64.ActiveCfg = Debug|x64
		{93C15EA9-A7B3-4CC3-87B3-5C9A2AC927E6}.Debug|x64.Build.0 = Debug|x64
		{93C15EA9-A7B3-4CC3-87B3-5C9A2AC927E6}.Debug|x86.ActiveCfg = Debug|Win32
		{93C15EA9-A7B3-4CC3-87B3-5C9A2AC927E6}.Debug|x86.Build.0 = Debug|Win32
		{93C15EA9-A7B3-4CC3-87B3-5C9A2AC927E6}.Release|x64.ActiveCfg = Release|x64
		{93C15EA9-A7B3-4CC3-87B3-5C9A2AC927E6}.Release|x64.Build.0 = Release|x64
		{93C15EA9-A7B3-4CC3-87B3-5C9A2AC927E6}.Release|x86.ActiveCfg = Release|Win32
		{93C15EA9-A7B3-4CC3-87B3-5C9A2AC927E6}.Release|x86.Build.0 = Release|Win32
		{3732D201-4F48-465D-885B-2ECD8BA85AFF}.Debug|x64.ActiveCfg = Debug|x64
		{3732D201-4F48-465D-885B-2ECD8BA85AFF}.Debug|x64.Build.0 = Debug|x64
		{3732D201-4F48-465D-885B-2ECD8BA85AFF}.Debug|x86.ActiveCfg = Debug|Win32
		{3732D201-4F48-465D-885B-2ECD8BA85AFF}.Debug|x86.Build.0 = Debug|Win32
		{3732D201-4F48-465D-885B-2ECD8BA85AFF}.Release|x64.ActiveCfg = Release|x64
		{3732D201-4F48-465D-885B-2ECD8BA85AFF}.Release|x64.Build.0 = Release|x64
		{3732D201-4F48-465D-885B-2ECD8BA85AFF}.Release|x86.ActiveCfg = Release|Win32
		{3732D201-4F48-465D-885B-2ECD8BA85AFF}.Release|x86.Build.0 = Release|Win32
		{F84A7571-B693-4A03-80CF-90652DA0D484}.Debug|x64.ActiveCfg = Debug|x64
		{F84A7571-B693-4A03-80CF-90652DA0D484}.Debug|x64.Build.0 = Debug|x64
		{F84A7571-B693-4A03-80CF-90652DA0D484}.Debug|x86.ActiveCfg = Debug|Win32
		{F84A7571-B693-4A03-80CF-90652DA0D484}.Debug|x86.Build.0 = Debug|Win32
		{F84A7571-B693-4A03-80CF-90652DA0D484}.Release|x64.ActiveCfg = Release|x64
		{F84A7571-B693-4A03-80CF-90652DA0D484}.Release|x64.Build.0 = Release|x64
		{F84A7571-B693-4A03-80CF-90652DA0D484}.Release|x86.ActiveCfg = Release|Win32
		{F84A7571-B693-4A03-80CF-90652DA0D484}.Release|x86.Build.0 = Release|Win32
		{3B2BDB96-789D-4F79-BD5E-FFF61A8985AC}.Debug|x64.ActiveCfg = Debug|x64
		{3B2BDB96-789D-4F79-BD5E-FFF61A8985AC}.Debug|x64.Build.0 = Debug|x64
		{3B2BDB96-789D-4F79-BD5E-FFF61A8985AC}.Debug|x86.ActiveCfg = Debug|Win32
		{3B2BDB96-789D-4F79-BD5E-FFF61A8985AC}.Debug|x86.Build.0 = Debug|Win32
		{3B2BDB96-789D-4F79-BD5E-FFF61A8985AC}.Release|x64.ActiveCfg = Release|x64
		{3B2BDB96-789D-4F79-BD5E-FFF61A8985AC}.Release|x64.Build.0 = Release|x64
		{3B2BDB96-789D-4F79-BD5E-FFF61A8985AC}.Release|x86.ActiveCfg = Release|Win32
		{3B2BDB96-789D-4F79-BD5E-FFF61A8985AC}.Release|x86.Build.0 = Release|Win32
		{C34EB43C-C5C5-4C3A-A4C3-E48E89EEB122}.Debug|x64.ActiveCfg = Debug|x64
		{C34EB43C-C5C5-4C3A-A4C3-E48E89EEB122}.Debug|x64.Build.0 = Debug|x64
		{C34EB43C-C5C5-4C3A-A4C3-E48E89EEB122}.Debug|x86.ActiveCfg = Debug|Win32
		{C34EB43C-C5C5-4C3A-A4C3-E48E89EEB122}.Debug|x86.Build.0 = Debug|Win32
		{C34EB43C-C5C5-4C3A-A4C3-E48E89EEB122}.Release|x64.ActiveCfg = Release|x64
		{C34EB43C-C5C5-4C3A-A4C3-E48E89EEB122}.Release|x64.Build.0 = Release|x64
		{C34EB43C-C5C5-4C3A-A4C3-E48E89EEB122}.Release|x86.ActiveCfg = Release|Win32
		{C34EB43C-C5C5-4C3A-A4C3-E48E89EEB122}.Release|x86.Build.0 = Release|Win32
		{D385A8F6-C761-431E-9297-927BA346D981}.Debug|x64.ActiveCfg = Debug|x64
		{D385A8F6-C761-431E-9297-927BA346D981}.Debug|x64.Build.0 = Debug|x64
		{D385A8F6-C761-431E-9297-927BA346D981}.Debug|x86.ActiveCfg = Debug|Win32
		{D385A8F6-C761-431E-9297-927BA346D981}.Debug|x86.Build.0 = Debug|Win32
		{D385A8F6-C761-431E-9297-927BA346D981}.Release|x64.ActiveCfg = Release|x64
		{D385A8F6-C761-431E-9297-927BA346D981}.Release|x64.Build.0 = Release|x64
		{D385A8F6-C761-431E-9297-927BA346D981}.Release|x86.ActiveCfg = Release|Win32
		{D385A8F6-C761-431E-9297-927BA346D981}.Release|x86.Build.0 = Release|Win32
		{34DB0497-555A-45AD-B38F-CDE52C40A14A}.Debug|x64.ActiveCfg = Debug|x64
		{34DB0497-555A-45AD-B38F-CDE52C40A14A}.Debug|x64.Build.0 = Debug|x64
		{34DB0497-555A-45AD-B38F-CDE52C40A14A}.Debug|x86.ActiveCfg = Debug|Win32
		{34DB0497-555A-45AD-B38F-CDE52C40A14A}.Debug|x86.Build.0 = Debug|Win32
		{34DB0497-555A-45AD-B38F-CDE52C40A14A}.Release|x64.ActiveCfg = Release|x64
		{34DB0497-555A-45AD-B38F-CDE52C40A14A}.Release|x64.Build.0 = Release|x64
		{34DB0497-555A-45AD-B38F-CDE52C40A14A}.Release|x86.ActiveCfg = Release|Win32
		{34DB0497-555A-45AD-B38F-CDE52C40A14A}.Release|x86.Build.0 = Release|Win32
	EndGlobalSection
	GlobalSection(SolutionProperties) = preSolution
		HideSolutionNode = FALSE
	EndGlobalSection
EndGlobal
