
Microsoft Visual Studio Solution File, Format Version 12.00
# Visual Studio 14
VisualStudioVersion = 14.0.23107.0
MinimumVisualStudioVersion = 10.0.40219.1
Project("{8BC9CEB8-8B4A-11D0-8D11-00A0C91BC942}") = "week1-t1", "tasks.vcxproj", "{19A77248-8379-4949-BCBE-DE20406A7906}"
EndProject
Project("{8BC9CEB8-8B4A-11D0-8D11-00A0C91BC942}") = "week1-t2", "..\week1-t2\week1-t2.vcxproj", "{EB78CF1C-CB90-4FEB-A283-3DEE2F7F4A19}"
EndProject
Project("{8BC9CEB8-8B4A-11D0-8D11-00A0C91BC942}") = "week1-t3", "week1-t3\week1-t3.vcxproj", "{4640C6D4-C7B9-4B71-B088-D3EFDD401940}"
EndProject
Project("{8BC9CEB8-8B4A-11D0-8D11-00A0C91BC942}") = "week1-t4", "week1-t4\week1-t4.vcxproj", "{858FCA22-3544-47B0-A007-B6CC8430FD5A}"
EndProject
Project("{8BC9CEB8-8B4A-11D0-8D11-00A0C91BC942}") = "week1-t5", "week1-t5\week1-t5.vcxproj", "{E5660DBF-91DC-46EA-86C4-07FFF87D11E2}"
EndProject
Project("{8BC9CEB8-8B4A-11D0-8D11-00A0C91BC942}") = "week1-t6", "week1-t6\week1-t6.vcxproj", "{97BE19C1-7F46-4706-ADFB-CBC420B9C527}"
EndProject
Project("{8BC9CEB8-8B4A-11D0-8D11-00A0C91BC942}") = "week1-t7", "week1-t7\week1-t7.vcxproj", "{AA6B8A08-E957-40EA-ADE1-41018EAEE43B}"
EndProject
Project("{8BC9CEB8-8B4A-11D0-8D11-00A0C91BC942}") = "week1-t8", "week1-t8\week1-t8.vcxproj", "{467490F4-B504-43CD-88F1-ED5B843B729A}"
EndProject
Project("{8BC9CEB8-8B4A-11D0-8D11-00A0C91BC942}") = "week1-t9", "week1-t9\week1-t9.vcxproj", "{9DEC74E9-03EF-4A70-9FDD-439004CB1B44}"
EndProject
Project("{8BC9CEB8-8B4A-11D0-8D11-00A0C91BC942}") = "week1-t10", "week1-t10\week1-t10.vcxproj", "{93C15EA9-A7B3-4CC3-87B3-5C9A2AC927E6}"
EndProject
Project("{8BC9CEB8-8B4A-11D0-8D11-00A0C91BC942}") = "week1-t11", "week1-t11\week1-t11.vcxproj", "{3732D201-4F48-465D-885B-2ECD8BA85AFF}"
EndProject
Project("{8BC9CEB8-8B4A-11D0-8D11-00A0C91BC942}") = "week1-t12", "week1-t12\week1-t12.vcxproj", "{F84A7571-B693-4A03-80CF-90652DA0D484}"
EndProject
Project("{8BC9CEB8-8B4A-11D0-8D11-00A0C91BC942}") = "week1-t13", "week1-t13\week1-t13.vcxproj", "{3B2BDB96-789D-4F79-BD5E-FFF61A8985AC}"
EndProject
Project("{8BC9CEB8-8B4A-11D0-8D11-00A0C91BC942}") = "week1-t14", "..\week1-t14\week1-t14.vcxproj", "{C34EB43C-C5C5-4C3A-A4C3-E48E89EEB122}"
EndProject
Project("{8BC9CEB8-8B4A-11D0-8D11-00A0C91BC942}") = "week2-t1", "..\week2-t1\week2-t1.vcxproj", "{D385A8F6-C761-431E-9297-927BA346D981}"
EndProject
Project("{8BC9CEB8-8B4A-11D0-8D11-00A0C91BC942}") = "week2-t2", "week2-t2\week2-t2.vcxproj", "{34DB0497-555A-45AD-B38F-CDE52C40A14A}"
EndProject
Project("{8BC9CEB8-8B4A-11D0-8D11-00A0C91BC942}") = "week2-t3", "week2-t3\week2-t3.vcxproj", "{22E56944-1323-48D1-BFBC-9C814834EE56}"
EndProject
Project("{8BC9CEB8-8B4A-11D0-8D11-00A0C91BC942}") = "week2-t4", "week2-t4\week2-t4.vcxproj", "{F4D336CF-7506-431E-B8C0-256003DA552B}"
EndProject
Project("{8BC9CEB8-8B4A-11D0-8D11-00A0C91BC942}") = "week2-t5", "week2-t5\week2-t5.vcxproj", "{7C8B12A4-1CE3-419E-9D1C-15F9AAEBB22E}"
EndProject
Project("{8BC9CEB8-8B4A-11D0-8D11-00A0C91BC942}") = "week2-t6", "week2-t6\week2-t6.vcxproj", "{73775920-B994-4158-8083-3E57049AAC1C}"
EndProject
Project("{8BC9CEB8-8B4A-11D0-8D11-00A0C91BC942}") = "week2-t7", "week2-t7\week2-t7.vcxproj", "{B56C7AB4-A24E-4758-813B-FFA4593CBED7}"
EndProject
Project("{8BC9CEB8-8B4A-11D0-8D11-00A0C91BC942}") = "week2-t8", "week2-t8\week2-t8.vcxproj", "{7AD851B3-9735-4310-AAE3-C860C09024FE}"
EndProject
Project("{8BC9CEB8-8B4A-11D0-8D11-00A0C91BC942}") = "week2-t9", "week2-t9\week2-t9.vcxproj", "{AB827B93-78B0-4AFE-B497-004D4A728B8A}"
EndProject
Project("{8BC9CEB8-8B4A-11D0-8D11-00A0C91BC942}") = "week2-t10", "week2-t10\week2-t10.vcxproj", "{28CA5A35-3F69-4A41-BE65-C367ADA56F10}"
EndProject
Project("{8BC9CEB8-8B4A-11D0-8D11-00A0C91BC942}") = "week2-t11", "week2-t11\week2-t11.vcxproj", "{19330693-1803-410A-B3FF-E1568A94F7FE}"
EndProject
Project("{8BC9CEB8-8B4A-11D0-8D11-00A0C91BC942}") = "week2-t12", "..\week2-t12\week2-t12.vcxproj", "{D4925342-FDFF-41CB-AA2F-74A3E7C734A9}"
EndProject
Project("{8BC9CEB8-8B4A-11D0-8D11-00A0C91BC942}") = "week2-t13", "week2-t13\week2-t13.vcxproj", "{154554F6-6AD0-49B9-9212-79504BEDCFA5}"
EndProject
Project("{8BC9CEB8-8B4A-11D0-8D11-00A0C91BC942}") = "week2-t14", "week2-t14\week2-t14.vcxproj", "{D84184AF-AD9C-4A4A-904D-099159F715FB}"
EndProject
Project("{8BC9CEB8-8B4A-11D0-8D11-00A0C91BC942}") = "week3-t1", "week3-t1\week3-t1.vcxproj", "{B73C09F8-8F79-42F4-945A-403CA36A1D18}"
EndProject
Project("{8BC9CEB8-8B4A-11D0-8D11-00A0C91BC942}") = "week3-t2", "week3-t2\week3-t2.vcxproj", "{3039B3C0-043C-4E11-8DC8-E1F5BF53D8E9}"
EndProject
Project("{8BC9CEB8-8B4A-11D0-8D11-00A0C91BC942}") = "week3-t3", "week3-t3\week3-t3.vcxproj", "{E7CD5EC4-13F8-4D5B-A804-C2DEBD09B20B}"
EndProject
Project("{8BC9CEB8-8B4A-11D0-8D11-00A0C91BC942}") = "week3-t4", "week3-t4\week3-t4.vcxproj", "{BD1C8C13-5103-49A9-9D95-542B146E2887}"
EndProject
Project("{8BC9CEB8-8B4A-11D0-8D11-00A0C91BC942}") = "week3-t5", "week3-t5\week3-t5.vcxproj", "{5984D6D6-A738-43F6-A0A1-F197B7F00929}"
EndProject
Project("{8BC9CEB8-8B4A-11D0-8D11-00A0C91BC942}") = "week3-t6", "week3-t6\week3-t6.vcxproj", "{AC00F7C5-C5BF-4846-A10B-84F7BF37241C}"
EndProject
Project("{8BC9CEB8-8B4A-11D0-8D11-00A0C91BC942}") = "week3-t7", "week3-t7\week3-t7.vcxproj", "{55DB64DC-F106-403F-8842-38337F0D0890}"
EndProject
Project("{8BC9CEB8-8B4A-11D0-8D11-00A0C91BC942}") = "week3-t8", "week3-t8\week3-t8.vcxproj", "{872A770D-0F9A-4D79-8C84-B71179C0942F}"
EndProject
Project("{8BC9CEB8-8B4A-11D0-8D11-00A0C91BC942}") = "week3-t9", "week3-t9\week3-t9.vcxproj", "{6401C8CD-B22F-4FB2-8D0F-B6D6DE3D1FA2}"
EndProject
Project("{8BC9CEB8-8B4A-11D0-8D11-00A0C91BC942}") = "week3-t10", "..\week3-t10\week3-t10.vcxproj", "{E5E284B0-58B3-46B2-82F9-B011D7388428}"
EndProject
Project("{8BC9CEB8-8B4A-11D0-8D11-00A0C91BC942}") = "week3-t11", "week3-t11\week3-t11.vcxproj", "{8742BB9D-6E74-464E-9940-53774EDDB2A1}"
EndProject
Project("{8BC9CEB8-8B4A-11D0-8D11-00A0C91BC942}") = "week3-t12", "week3-t12\week3-t12.vcxproj", "{E09537DC-2098-4FDC-B996-9D7D2A83BC4C}"
EndProject
Project("{8BC9CEB8-8B4A-11D0-8D11-00A0C91BC942}") = "week3-t13", "week3-t13\week3-t13.vcxproj", "{AD0E6727-06FE-457C-AA5A-9116538431F4}"
EndProject
Project("{8BC9CEB8-8B4A-11D0-8D11-00A0C91BC942}") = "week3-t14", "week3-t14\week3-t14.vcxproj", "{FED9B5B3-90C7-4B8A-A889-2EBD1EB5F249}"
EndProject
Project("{8BC9CEB8-8B4A-11D0-8D11-00A0C91BC942}") = "week4-t1", "..\week4-t1\week4-t1.vcxproj", "{81B2E924-4B61-4ADB-A764-E1AE4553FD44}"
EndProject
Project("{8BC9CEB8-8B4A-11D0-8D11-00A0C91BC942}") = "week4-t2", "week4-t2\week4-t2.vcxproj", "{C90EA75E-31FF-4E78-978D-C9C1B799465A}"
EndProject
Project("{8BC9CEB8-8B4A-11D0-8D11-00A0C91BC942}") = "week4-t3", "..\week4-t3\week4-t3.vcxproj", "{70CBD2A0-8B09-4428-9260-29176D8997D0}"
EndProject
Project("{8BC9CEB8-8B4A-11D0-8D11-00A0C91BC942}") = "week4-t4", "week4-t4\week4-t4.vcxproj", "{2AB0DD9F-7768-4027-ACED-00F07C5AE2C2}"
EndProject
Project("{8BC9CEB8-8B4A-11D0-8D11-00A0C91BC942}") = "week4-t5", "..\week4-t5\week4-t5.vcxproj", "{3A96B658-F2B6-4C09-9D77-9852A4BCFFF0}"
EndProject
Project("{8BC9CEB8-8B4A-11D0-8D11-00A0C91BC942}") = "week4-t6", "week4-t6\week4-t6.vcxproj", "{4C21EE37-61AA-4F2B-B736-8CFEC00E2D1E}"
EndProject
Project("{8BC9CEB8-8B4A-11D0-8D11-00A0C91BC942}") = "week4-t7", "week4-t7\week4-t7.vcxproj", "{0B25C418-EB0A-474A-8042-2DD3ACA3525D}"
EndProject
Project("{8BC9CEB8-8B4A-11D0-8D11-00A0C91BC942}") = "week4-t8", "week4-t8\week4-t8.vcxproj", "{B0A1C5DF-CDE7-49F0-9FC1-5C259140B3D3}"
EndProject
Project("{8BC9CEB8-8B4A-11D0-8D11-00A0C91BC942}") = "week4-t9", "week4-t9\week4-t9.vcxproj", "{883B82D1-B29E-4F0E-B195-086CA248AD4C}"
EndProject
Project("{8BC9CEB8-8B4A-11D0-8D11-00A0C91BC942}") = "week4-t10", "..\week4-t10\week4-t10.vcxproj", "{4C3E6D53-FBD7-483E-A391-DDD4193ECD5E}"
EndProject
Project("{8BC9CEB8-8B4A-11D0-8D11-00A0C91BC942}") = "week4-t11", "week4-t11\week4-t11.vcxproj", "{C379A1BD-4041-4D03-AAA0-47F998274E0A}"
EndProject
Project("{8BC9CEB8-8B4A-11D0-8D11-00A0C91BC942}") = "week4-t12", "week4-t12\week4-t12.vcxproj", "{076AD017-5CE1-4682-AED7-632CDC967D86}"
EndProject
Project("{8BC9CEB8-8B4A-11D0-8D11-00A0C91BC942}") = "week5-t1", "..\week5-t1\week5-t1.vcxproj", "{114E4EE8-0A5F-41B9-AAEB-E01415511D84}"
EndProject
Project("{8BC9CEB8-8B4A-11D0-8D11-00A0C91BC942}") = "week5-t2", "week5-t2\week5-t2.vcxproj", "{05CC7C4B-6F65-4443-83F0-43CDCEEBE2EB}"
EndProject
Project("{8BC9CEB8-8B4A-11D0-8D11-00A0C91BC942}") = "week5-t3", "week5-t3\week5-t3.vcxproj", "{9D759E2F-2141-4A61-82FE-4EB59F1943CA}"
EndProject
Project("{8BC9CEB8-8B4A-11D0-8D11-00A0C91BC942}") = "week5-t4", "week5-t4\week5-t4.vcxproj", "{09C4C374-5812-4126-9F85-E743294731E4}"
EndProject
Project("{8BC9CEB8-8B4A-11D0-8D11-00A0C91BC942}") = "week5-t5", "week5-t5\week5-t5.vcxproj", "{BE5BDD90-ED19-4B60-BD0A-9F3D4C1CC6ED}"
EndProject
Project("{8BC9CEB8-8B4A-11D0-8D11-00A0C91BC942}") = "week5-t6", "week5-t6\week5-t6.vcxproj", "{BF00111A-62F1-45E5-A327-E4A1CF957327}"
EndProject
Project("{8BC9CEB8-8B4A-11D0-8D11-00A0C91BC942}") = "week5-t7", "week5-t7\week5-t7.vcxproj", "{6EC07029-1993-4842-B565-E6D0E22BA84D}"
EndProject
Project("{8BC9CEB8-8B4A-11D0-8D11-00A0C91BC942}") = "week5-t8", "week5-t8\week5-t8.vcxproj", "{40D1F100-CE4C-443F-ADC5-02847C8FE74A}"
EndProject
Project("{8BC9CEB8-8B4A-11D0-8D11-00A0C91BC942}") = "week5-t9", "..\week5-t9\week5-t9.vcxproj", "{D323ADE0-2279-4BBE-AFDE-49B40DE684DA}"
EndProject
Project("{8BC9CEB8-8B4A-11D0-8D11-00A0C91BC942}") = "week5-t10", "week5-t10\week5-t10.vcxproj", "{A58AC3DA-84BA-4B2A-BC68-99D040A938C1}"
EndProject
Project("{8BC9CEB8-8B4A-11D0-8D11-00A0C91BC942}") = "week5-t11", "week5-t11\week5-t11.vcxproj", "{4F0B9844-020E-4CA3-A773-E49CA3D4BB63}"
EndProject
Project("{8BC9CEB8-8B4A-11D0-8D11-00A0C91BC942}") = "week5-t12", "week5-t12\week5-t12.vcxproj", "{FE578EDD-529F-49C2-8C99-FFAEC6976E5E}"
EndProject
Project("{8BC9CEB8-8B4A-11D0-8D11-00A0C91BC942}") = "week5-t13", "week5-t13\week5-t13.vcxproj", "{A9E3E7D0-CB9F-4599-BC07-998260512730}"
EndProject
Project("{8BC9CEB8-8B4A-11D0-8D11-00A0C91BC942}") = "week5-t14", "week5-t14\week5-t14.vcxproj", "{F2E8B4A7-E83A-4D33-BD55-047F47731E94}"
EndProject
Project("{8BC9CEB8-8B4A-11D0-8D11-00A0C91BC942}") = "week6-t1", "..\week6-t1\week6-t1.vcxproj", "{EB7190C4-E382-453E-B302-1E08E4E22C8F}"
EndProject
Project("{8BC9CEB8-8B4A-11D0-8D11-00A0C91BC942}") = "week6-t2", "week6-t2\week6-t2.vcxproj", "{8392C681-300E-4B8A-AC0A-37C85F715D87}"
EndProject
Project("{8BC9CEB8-8B4A-11D0-8D11-00A0C91BC942}") = "week6-t3", "week6-t3\week6-t3.vcxproj", "{5B37B782-5CD2-4492-9928-E81CEDC2D3C2}"
EndProject
Project("{8BC9CEB8-8B4A-11D0-8D11-00A0C91BC942}") = "week6-t4", "week6-t4\week6-t4.vcxproj", "{42E834F6-9866-4632-95C4-3F96E05FBE9D}"
EndProject
Project("{8BC9CEB8-8B4A-11D0-8D11-00A0C91BC942}") = "week6-t5", "week6-t5\week6-t5.vcxproj", "{582118CE-74B2-4AA2-A5CA-50A95126A764}"
EndProject
Project("{8BC9CEB8-8B4A-11D0-8D11-00A0C91BC942}") = "week6-t6", "week6-t6\week6-t6.vcxproj", "{C9910BEB-C3C3-432D-A3D3-69453853249F}"
EndProject
Project("{8BC9CEB8-8B4A-11D0-8D11-00A0C91BC942}") = "week6-t7", "week6-t7\week6-t7.vcxproj", "{3C98774A-A85F-49DC-BF4E-40FBC6D61677}"
EndProject
Project("{8BC9CEB8-8B4A-11D0-8D11-00A0C91BC942}") = "week6-t8", "week6-t8\week6-t8.vcxproj", "{BF05D043-1116-4050-A43A-A8E2CFAADDA5}"
EndProject
Project("{8BC9CEB8-8B4A-11D0-8D11-00A0C91BC942}") = "week6-t9", "..\week6-t9\week6-t9.vcxproj", "{B2C8DF70-00C0-4F75-8DA1-C8D75ADFEE3F}"
EndProject
Project("{8BC9CEB8-8B4A-11D0-8D11-00A0C91BC942}") = "week6-t10", "week6-t10\week6-t10.vcxproj", "{B9EEDB09-76B2-4CB5-8D7D-582F37B49762}"
EndProject
Project("{8BC9CEB8-8B4A-11D0-8D11-00A0C91BC942}") = "week6-t11", "week6-t11\week6-t11.vcxproj", "{9BA0C464-2BA6-4D9C-96B2-DA7D4BBA8165}"
EndProject
Project("{8BC9CEB8-8B4A-11D0-8D11-00A0C91BC942}") = "week6-t12", "week6-t12\week6-t12.vcxproj", "{339887BA-158E-48F5-83C8-F3362678D55A}"
EndProject
Project("{8BC9CEB8-8B4A-11D0-8D11-00A0C91BC942}") = "week6-t13", "week6-t13\week6-t13.vcxproj", "{0A0BB139-CF0C-4B4C-A41F-F7A36348D949}"
EndProject
Project("{8BC9CEB8-8B4A-11D0-8D11-00A0C91BC942}") = "week7-t1", "..\week7-t1\week7-t1.vcxproj", "{486ACD52-FE33-4E47-BBD1-E510B349C218}"
EndProject
Project("{2150E333-8FDC-42A3-9474-1A3956D46DE8}") = "week1", "week1", "{EF865597-F07D-4C0E-B0BC-E3CE1735A99E}"
EndProject
Project("{2150E333-8FDC-42A3-9474-1A3956D46DE8}") = "week2", "week2", "{D6F5BF10-EE56-424C-858D-5DF4CBF85BCE}"
EndProject
Project("{2150E333-8FDC-42A3-9474-1A3956D46DE8}") = "week3", "week3", "{508620CE-AB8A-4134-84CF-9F01FB96CD33}"
EndProject
Project("{2150E333-8FDC-42A3-9474-1A3956D46DE8}") = "week4", "week4", "{82140945-9F84-4863-8EFF-3F82D4B79DB1}"
EndProject
Project("{2150E333-8FDC-42A3-9474-1A3956D46DE8}") = "week5", "week5", "{EF055BC4-F6B6-4EE3-9EE0-509B11D80A42}"
EndProject
Project("{2150E333-8FDC-42A3-9474-1A3956D46DE8}") = "week6", "week6", "{94C7AA41-D9E1-4A2B-94BD-B4ABAD22C4B8}"
EndProject
Project("{8BC9CEB8-8B4A-11D0-8D11-00A0C91BC942}") = "week7-t2", "week7-t2\week7-t2.vcxproj", "{68A5D319-600A-434E-B3A9-2B1F0E20A9BB}"
EndProject
Project("{2150E333-8FDC-42A3-9474-1A3956D46DE8}") = "week7", "week7", "{D6195F04-7CD9-4133-A596-BAF2E80CAAA6}"
EndProject
Project("{8BC9CEB8-8B4A-11D0-8D11-00A0C91BC942}") = "week7-t3", "week7-t3\week7-t3.vcxproj", "{6229E9EF-AB3D-46AC-9C1B-09C88620470E}"
EndProject
Project("{8BC9CEB8-8B4A-11D0-8D11-00A0C91BC942}") = "week7-t4", "..\week7-t4\week7-t4.vcxproj", "{B7866FCD-A69D-450F-B625-A804FABCD651}"
EndProject
Project("{8BC9CEB8-8B4A-11D0-8D11-00A0C91BC942}") = "week7-t5", "week7-t5\week7-t5.vcxproj", "{01591937-FFEF-4C95-9D62-B27AF959C9F4}"
EndProject
Project("{8BC9CEB8-8B4A-11D0-8D11-00A0C91BC942}") = "week7-t6", "week7-t6\week7-t6.vcxproj", "{140C1A6A-751C-467F-8DEA-FD646B23B799}"
EndProject
Project("{8BC9CEB8-8B4A-11D0-8D11-00A0C91BC942}") = "week7-t7", "..\week7-t7\week7-t7.vcxproj", "{DEE5A5D8-FFC0-4D25-BB52-A491072CCF2C}"
EndProject
Project("{8BC9CEB8-8B4A-11D0-8D11-00A0C91BC942}") = "week7-t8", "..\week7-t8\week7-t8.vcxproj", "{164560FF-9190-4C3E-815C-BEBDB7358BBE}"
EndProject
Project("{8BC9CEB8-8B4A-11D0-8D11-00A0C91BC942}") = "week7-t9", "week7-t9\week7-t9.vcxproj", "{519B3B5A-6E06-4F19-8FC9-C356AADCE71F}"
EndProject
Project("{8BC9CEB8-8B4A-11D0-8D11-00A0C91BC942}") = "week7-t10", "week7-t10\week7-t10.vcxproj", "{D61FF2D8-A31F-4B48-8947-4863B7387A67}"
EndProject
Project("{8BC9CEB8-8B4A-11D0-8D11-00A0C91BC942}") = "week7-t11", "week7-t11\week7-t11.vcxproj", "{95A57D78-82DE-4294-85E4-23788A651E74}"
EndProject
Project("{8BC9CEB8-8B4A-11D0-8D11-00A0C91BC942}") = "week7-t12", "week7-t12\week7-t12.vcxproj", "{D48BAE80-A468-41AB-9225-4CB236CB39D4}"
EndProject
Project("{8BC9CEB8-8B4A-11D0-8D11-00A0C91BC942}") = "week7-t13", "..\week7-t13\week7-t13.vcxproj", "{38E093AF-760B-4350-869D-B2398091A0F0}"
EndProject
Global
	GlobalSection(SolutionConfigurationPlatforms) = preSolution
		Debug|x64 = Debug|x64
		Debug|x86 = Debug|x86
		Release|x64 = Release|x64
		Release|x86 = Release|x86
	EndGlobalSection
	GlobalSection(ProjectConfigurationPlatforms) = postSolution
		{19A77248-8379-4949-BCBE-DE20406A7906}.Debug|x64.ActiveCfg = Debug|x64
		{19A77248-8379-4949-BCBE-DE20406A7906}.Debug|x64.Build.0 = Debug|x64
		{19A77248-8379-4949-BCBE-DE20406A7906}.Debug|x86.ActiveCfg = Debug|Win32
		{19A77248-8379-4949-BCBE-DE20406A7906}.Debug|x86.Build.0 = Debug|Win32
		{19A77248-8379-4949-BCBE-DE20406A7906}.Release|x64.ActiveCfg = Release|x64
		{19A77248-8379-4949-BCBE-DE20406A7906}.Release|x64.Build.0 = Release|x64
		{19A77248-8379-4949-BCBE-DE20406A7906}.Release|x86.ActiveCfg = Release|Win32
		{19A77248-8379-4949-BCBE-DE20406A7906}.Release|x86.Build.0 = Release|Win32
		{EB78CF1C-CB90-4FEB-A283-3DEE2F7F4A19}.Debug|x64.ActiveCfg = Debug|x64
		{EB78CF1C-CB90-4FEB-A283-3DEE2F7F4A19}.Debug|x64.Build.0 = Debug|x64
		{EB78CF1C-CB90-4FEB-A283-3DEE2F7F4A19}.Debug|x86.ActiveCfg = Debug|Win32
		{EB78CF1C-CB90-4FEB-A283-3DEE2F7F4A19}.Debug|x86.Build.0 = Debug|Win32
		{EB78CF1C-CB90-4FEB-A283-3DEE2F7F4A19}.Release|x64.ActiveCfg = Release|x64
		{EB78CF1C-CB90-4FEB-A283-3DEE2F7F4A19}.Release|x64.Build.0 = Release|x64
		{EB78CF1C-CB90-4FEB-A283-3DEE2F7F4A19}.Release|x86.ActiveCfg = Release|Win32
		{EB78CF1C-CB90-4FEB-A283-3DEE2F7F4A19}.Release|x86.Build.0 = Release|Win32
		{4640C6D4-C7B9-4B71-B088-D3EFDD401940}.Debug|x64.ActiveCfg = Debug|x64
		{4640C6D4-C7B9-4B71-B088-D3EFDD401940}.Debug|x64.Build.0 = Debug|x64
		{4640C6D4-C7B9-4B71-B088-D3EFDD401940}.Debug|x86.ActiveCfg = Debug|Win32
		{4640C6D4-C7B9-4B71-B088-D3EFDD401940}.Debug|x86.Build.0 = Debug|Win32
		{4640C6D4-C7B9-4B71-B088-D3EFDD401940}.Release|x64.ActiveCfg = Release|x64
		{4640C6D4-C7B9-4B71-B088-D3EFDD401940}.Release|x64.Build.0 = Release|x64
		{4640C6D4-C7B9-4B71-B088-D3EFDD401940}.Release|x86.ActiveCfg = Release|Win32
		{4640C6D4-C7B9-4B71-B088-D3EFDD401940}.Release|x86.Build.0 = Release|Win32
		{858FCA22-3544-47B0-A007-B6CC8430FD5A}.Debug|x64.ActiveCfg = Debug|x64
		{858FCA22-3544-47B0-A007-B6CC8430FD5A}.Debug|x64.Build.0 = Debug|x64
		{858FCA22-3544-47B0-A007-B6CC8430FD5A}.Debug|x86.ActiveCfg = Debug|Win32
		{858FCA22-3544-47B0-A007-B6CC8430FD5A}.Debug|x86.Build.0 = Debug|Win32
		{858FCA22-3544-47B0-A007-B6CC8430FD5A}.Release|x64.ActiveCfg = Release|x64
		{858FCA22-3544-47B0-A007-B6CC8430FD5A}.Release|x64.Build.0 = Release|x64
		{858FCA22-3544-47B0-A007-B6CC8430FD5A}.Release|x86.ActiveCfg = Release|Win32
		{858FCA22-3544-47B0-A007-B6CC8430FD5A}.Release|x86.Build.0 = Release|Win32
		{E5660DBF-91DC-46EA-86C4-07FFF87D11E2}.Debug|x64.ActiveCfg = Debug|x64
		{E5660DBF-91DC-46EA-86C4-07FFF87D11E2}.Debug|x64.Build.0 = Debug|x64
		{E5660DBF-91DC-46EA-86C4-07FFF87D11E2}.Debug|x86.ActiveCfg = Debug|Win32
		{E5660DBF-91DC-46EA-86C4-07FFF87D11E2}.Debug|x86.Build.0 = Debug|Win32
		{E5660DBF-91DC-46EA-86C4-07FFF87D11E2}.Release|x64.ActiveCfg = Release|x64
		{E5660DBF-91DC-46EA-86C4-07FFF87D11E2}.Release|x64.Build.0 = Release|x64
		{E5660DBF-91DC-46EA-86C4-07FFF87D11E2}.Release|x86.ActiveCfg = Release|Win32
		{E5660DBF-91DC-46EA-86C4-07FFF87D11E2}.Release|x86.Build.0 = Release|Win32
		{97BE19C1-7F46-4706-ADFB-CBC420B9C527}.Debug|x64.ActiveCfg = Debug|x64
		{97BE19C1-7F46-4706-ADFB-CBC420B9C527}.Debug|x64.Build.0 = Debug|x64
		{97BE19C1-7F46-4706-ADFB-CBC420B9C527}.Debug|x86.ActiveCfg = Debug|Win32
		{97BE19C1-7F46-4706-ADFB-CBC420B9C527}.Debug|x86.Build.0 = Debug|Win32
		{97BE19C1-7F46-4706-ADFB-CBC420B9C527}.Release|x64.ActiveCfg = Release|x64
		{97BE19C1-7F46-4706-ADFB-CBC420B9C527}.Release|x64.Build.0 = Release|x64
		{97BE19C1-7F46-4706-ADFB-CBC420B9C527}.Release|x86.ActiveCfg = Release|Win32
		{97BE19C1-7F46-4706-ADFB-CBC420B9C527}.Release|x86.Build.0 = Release|Win32
		{AA6B8A08-E957-40EA-ADE1-41018EAEE43B}.Debug|x64.ActiveCfg = Debug|x64
		{AA6B8A08-E957-40EA-ADE1-41018EAEE43B}.Debug|x64.Build.0 = Debug|x64
		{AA6B8A08-E957-40EA-ADE1-41018EAEE43B}.Debug|x86.ActiveCfg = Debug|Win32
		{AA6B8A08-E957-40EA-ADE1-41018EAEE43B}.Debug|x86.Build.0 = Debug|Win32
		{AA6B8A08-E957-40EA-ADE1-41018EAEE43B}.Release|x64.ActiveCfg = Release|x64
		{AA6B8A08-E957-40EA-ADE1-41018EAEE43B}.Release|x64.Build.0 = Release|x64
		{AA6B8A08-E957-40EA-ADE1-41018EAEE43B}.Release|x86.ActiveCfg = Release|Win32
		{AA6B8A08-E957-40EA-ADE1-41018EAEE43B}.Release|x86.Build.0 = Release|Win32
		{467490F4-B504-43CD-88F1-ED5B843B729A}.Debug|x64.ActiveCfg = Debug|x64
		{467490F4-B504-43CD-88F1-ED5B843B729A}.Debug|x64.Build.0 = Debug|x64
		{467490F4-B504-43CD-88F1-ED5B843B729A}.Debug|x86.ActiveCfg = Debug|Win32
		{467490F4-B504-43CD-88F1-ED5B843B729A}.Debug|x86.Build.0 = Debug|Win32
		{467490F4-B504-43CD-88F1-ED5B843B729A}.Release|x64.ActiveCfg = Release|x64
		{467490F4-B504-43CD-88F1-ED5B843B729A}.Release|x64.Build.0 = Release|x64
		{467490F4-B504-43CD-88F1-ED5B843B729A}.Release|x86.ActiveCfg = Release|Win32
		{467490F4-B504-43CD-88F1-ED5B843B729A}.Release|x86.Build.0 = Release|Win32
		{9DEC74E9-03EF-4A70-9FDD-439004CB1B44}.Debug|x64.ActiveCfg = Debug|x64
		{9DEC74E9-03EF-4A70-9FDD-439004CB1B44}.Debug|x64.Build.0 = Debug|x64
		{9DEC74E9-03EF-4A70-9FDD-439004CB1B44}.Debug|x86.ActiveCfg = Debug|Win32
		{9DEC74E9-03EF-4A70-9FDD-439004CB1B44}.Debug|x86.Build.0 = Debug|Win32
		{9DEC74E9-03EF-4A70-9FDD-439004CB1B44}.Release|x64.ActiveCfg = Release|x64
		{9DEC74E9-03EF-4A70-9FDD-439004CB1B44}.Release|x64.Build.0 = Release|x64
		{9DEC74E9-03EF-4A70-9FDD-439004CB1B44}.Release|x86.ActiveCfg = Release|Win32
		{9DEC74E9-03EF-4A70-9FDD-439004CB1B44}.Release|x86.Build.0 = Release|Win32
		{93C15EA9-A7B3-4CC3-87B3-5C9A2AC927E6}.Debug|x64.ActiveCfg = Debug|x64
		{93C15EA9-A7B3-4CC3-87B3-5C9A2AC927E6}.Debug|x64.Build.0 = Debug|x64
		{93C15EA9-A7B3-4CC3-87B3-5C9A2AC927E6}.Debug|x86.ActiveCfg = Debug|Win32
		{93C15EA9-A7B3-4CC3-87B3-5C9A2AC927E6}.Debug|x86.Build.0 = Debug|Win32
		{93C15EA9-A7B3-4CC3-87B3-5C9A2AC927E6}.Release|x64.ActiveCfg = Release|x64
		{93C15EA9-A7B3-4CC3-87B3-5C9A2AC927E6}.Release|x64.Build.0 = Release|x64
		{93C15EA9-A7B3-4CC3-87B3-5C9A2AC927E6}.Release|x86.ActiveCfg = Release|Win32
		{93C15EA9-A7B3-4CC3-87B3-5C9A2AC927E6}.Release|x86.Build.0 = Release|Win32
		{3732D201-4F48-465D-885B-2ECD8BA85AFF}.Debug|x64.ActiveCfg = Debug|x64
		{3732D201-4F48-465D-885B-2ECD8BA85AFF}.Debug|x64.Build.0 = Debug|x64
		{3732D201-4F48-465D-885B-2ECD8BA85AFF}.Debug|x86.ActiveCfg = Debug|Win32
		{3732D201-4F48-465D-885B-2ECD8BA85AFF}.Debug|x86.Build.0 = Debug|Win32
		{3732D201-4F48-465D-885B-2ECD8BA85AFF}.Release|x64.ActiveCfg = Release|x64
		{3732D201-4F48-465D-885B-2ECD8BA85AFF}.Release|x64.Build.0 = Release|x64
		{3732D201-4F48-465D-885B-2ECD8BA85AFF}.Release|x86.ActiveCfg = Release|Win32
		{3732D201-4F48-465D-885B-2ECD8BA85AFF}.Release|x86.Build.0 = Release|Win32
		{F84A7571-B693-4A03-80CF-90652DA0D484}.Debug|x64.ActiveCfg = Debug|x64
		{F84A7571-B693-4A03-80CF-90652DA0D484}.Debug|x64.Build.0 = Debug|x64
		{F84A7571-B693-4A03-80CF-90652DA0D484}.Debug|x86.ActiveCfg = Debug|Win32
		{F84A7571-B693-4A03-80CF-90652DA0D484}.Debug|x86.Build.0 = Debug|Win32
		{F84A7571-B693-4A03-80CF-90652DA0D484}.Release|x64.ActiveCfg = Release|x64
		{F84A7571-B693-4A03-80CF-90652DA0D484}.Release|x64.Build.0 = Release|x64
		{F84A7571-B693-4A03-80CF-90652DA0D484}.Release|x86.ActiveCfg = Release|Win32
		{F84A7571-B693-4A03-80CF-90652DA0D484}.Release|x86.Build.0 = Release|Win32
		{3B2BDB96-789D-4F79-BD5E-FFF61A8985AC}.Debug|x64.ActiveCfg = Debug|x64
		{3B2BDB96-789D-4F79-BD5E-FFF61A8985AC}.Debug|x64.Build.0 = Debug|x64
		{3B2BDB96-789D-4F79-BD5E-FFF61A8985AC}.Debug|x86.ActiveCfg = Debug|Win32
		{3B2BDB96-789D-4F79-BD5E-FFF61A8985AC}.Debug|x86.Build.0 = Debug|Win32
		{3B2BDB96-789D-4F79-BD5E-FFF61A8985AC}.Release|x64.ActiveCfg = Release|x64
		{3B2BDB96-789D-4F79-BD5E-FFF61A8985AC}.Release|x64.Build.0 = Release|x64
		{3B2BDB96-789D-4F79-BD5E-FFF61A8985AC}.Release|x86.ActiveCfg = Release|Win32
		{3B2BDB96-789D-4F79-BD5E-FFF61A8985AC}.Release|x86.Build.0 = Release|Win32
		{C34EB43C-C5C5-4C3A-A4C3-E48E89EEB122}.Debug|x64.ActiveCfg = Debug|x64
		{C34EB43C-C5C5-4C3A-A4C3-E48E89EEB122}.Debug|x64.Build.0 = Debug|x64
		{C34EB43C-C5C5-4C3A-A4C3-E48E89EEB122}.Debug|x86.ActiveCfg = Debug|Win32
		{C34EB43C-C5C5-4C3A-A4C3-E48E89EEB122}.Debug|x86.Build.0 = Debug|Win32
		{C34EB43C-C5C5-4C3A-A4C3-E48E89EEB122}.Release|x64.ActiveCfg = Release|x64
		{C34EB43C-C5C5-4C3A-A4C3-E48E89EEB122}.Release|x64.Build.0 = Release|x64
		{C34EB43C-C5C5-4C3A-A4C3-E48E89EEB122}.Release|x86.ActiveCfg = Release|Win32
		{C34EB43C-C5C5-4C3A-A4C3-E48E89EEB122}.Release|x86.Build.0 = Release|Win32
		{D385A8F6-C761-431E-9297-927BA346D981}.Debug|x64.ActiveCfg = Debug|x64
		{D385A8F6-C761-431E-9297-927BA346D981}.Debug|x64.Build.0 = Debug|x64
		{D385A8F6-C761-431E-9297-927BA346D981}.Debug|x86.ActiveCfg = Debug|Win32
		{D385A8F6-C761-431E-9297-927BA346D981}.Debug|x86.Build.0 = Debug|Win32
		{D385A8F6-C761-431E-9297-927BA346D981}.Release|x64.ActiveCfg = Release|x64
		{D385A8F6-C761-431E-9297-927BA346D981}.Release|x64.Build.0 = Release|x64
		{D385A8F6-C761-431E-9297-927BA346D981}.Release|x86.ActiveCfg = Release|Win32
		{D385A8F6-C761-431E-9297-927BA346D981}.Release|x86.Build.0 = Release|Win32
		{34DB0497-555A-45AD-B38F-CDE52C40A14A}.Debug|x64.ActiveCfg = Debug|x64
		{34DB0497-555A-45AD-B38F-CDE52C40A14A}.Debug|x64.Build.0 = Debug|x64
		{34DB0497-555A-45AD-B38F-CDE52C40A14A}.Debug|x86.ActiveCfg = Debug|Win32
		{34DB0497-555A-45AD-B38F-CDE52C40A14A}.Debug|x86.Build.0 = Debug|Win32
		{34DB0497-555A-45AD-B38F-CDE52C40A14A}.Release|x64.ActiveCfg = Release|x64
		{34DB0497-555A-45AD-B38F-CDE52C40A14A}.Release|x64.Build.0 = Release|x64
		{34DB0497-555A-45AD-B38F-CDE52C40A14A}.Release|x86.ActiveCfg = Release|Win32
		{34DB0497-555A-45AD-B38F-CDE52C40A14A}.Release|x86.Build.0 = Release|Win32
		{22E56944-1323-48D1-BFBC-9C814834EE56}.Debug|x64.ActiveCfg = Debug|x64
		{22E56944-1323-48D1-BFBC-9C814834EE56}.Debug|x64.Build.0 = Debug|x64
		{22E56944-1323-48D1-BFBC-9C814834EE56}.Debug|x86.ActiveCfg = Debug|Win32
		{22E56944-1323-48D1-BFBC-9C814834EE56}.Debug|x86.Build.0 = Debug|Win32
		{22E56944-1323-48D1-BFBC-9C814834EE56}.Release|x64.ActiveCfg = Release|x64
		{22E56944-1323-48D1-BFBC-9C814834EE56}.Release|x64.Build.0 = Release|x64
		{22E56944-1323-48D1-BFBC-9C814834EE56}.Release|x86.ActiveCfg = Release|Win32
		{22E56944-1323-48D1-BFBC-9C814834EE56}.Release|x86.Build.0 = Release|Win32
		{F4D336CF-7506-431E-B8C0-256003DA552B}.Debug|x64.ActiveCfg = Debug|x64
		{F4D336CF-7506-431E-B8C0-256003DA552B}.Debug|x64.Build.0 = Debug|x64
		{F4D336CF-7506-431E-B8C0-256003DA552B}.Debug|x86.ActiveCfg = Debug|Win32
		{F4D336CF-7506-431E-B8C0-256003DA552B}.Debug|x86.Build.0 = Debug|Win32
		{F4D336CF-7506-431E-B8C0-256003DA552B}.Release|x64.ActiveCfg = Release|x64
		{F4D336CF-7506-431E-B8C0-256003DA552B}.Release|x64.Build.0 = Release|x64
		{F4D336CF-7506-431E-B8C0-256003DA552B}.Release|x86.ActiveCfg = Release|Win32
		{F4D336CF-7506-431E-B8C0-256003DA552B}.Release|x86.Build.0 = Release|Win32
		{7C8B12A4-1CE3-419E-9D1C-15F9AAEBB22E}.Debug|x64.ActiveCfg = Debug|x64
		{7C8B12A4-1CE3-419E-9D1C-15F9AAEBB22E}.Debug|x64.Build.0 = Debug|x64
		{7C8B12A4-1CE3-419E-9D1C-15F9AAEBB22E}.Debug|x86.ActiveCfg = Debug|Win32
		{7C8B12A4-1CE3-419E-9D1C-15F9AAEBB22E}.Debug|x86.Build.0 = Debug|Win32
		{7C8B12A4-1CE3-419E-9D1C-15F9AAEBB22E}.Release|x64.ActiveCfg = Release|x64
		{7C8B12A4-1CE3-419E-9D1C-15F9AAEBB22E}.Release|x64.Build.0 = Release|x64
		{7C8B12A4-1CE3-419E-9D1C-15F9AAEBB22E}.Release|x86.ActiveCfg = Release|Win32
		{7C8B12A4-1CE3-419E-9D1C-15F9AAEBB22E}.Release|x86.Build.0 = Release|Win32
		{73775920-B994-4158-8083-3E57049AAC1C}.Debug|x64.ActiveCfg = Debug|x64
		{73775920-B994-4158-8083-3E57049AAC1C}.Debug|x64.Build.0 = Debug|x64
		{73775920-B994-4158-8083-3E57049AAC1C}.Debug|x86.ActiveCfg = Debug|Win32
		{73775920-B994-4158-8083-3E57049AAC1C}.Debug|x86.Build.0 = Debug|Win32
		{73775920-B994-4158-8083-3E57049AAC1C}.Release|x64.ActiveCfg = Release|x64
		{73775920-B994-4158-8083-3E57049AAC1C}.Release|x64.Build.0 = Release|x64
		{73775920-B994-4158-8083-3E57049AAC1C}.Release|x86.ActiveCfg = Release|Win32
		{73775920-B994-4158-8083-3E57049AAC1C}.Release|x86.Build.0 = Release|Win32
		{B56C7AB4-A24E-4758-813B-FFA4593CBED7}.Debug|x64.ActiveCfg = Debug|x64
		{B56C7AB4-A24E-4758-813B-FFA4593CBED7}.Debug|x64.Build.0 = Debug|x64
		{B56C7AB4-A24E-4758-813B-FFA4593CBED7}.Debug|x86.ActiveCfg = Debug|Win32
		{B56C7AB4-A24E-4758-813B-FFA4593CBED7}.Debug|x86.Build.0 = Debug|Win32
		{B56C7AB4-A24E-4758-813B-FFA4593CBED7}.Release|x64.ActiveCfg = Release|x64
		{B56C7AB4-A24E-4758-813B-FFA4593CBED7}.Release|x64.Build.0 = Release|x64
		{B56C7AB4-A24E-4758-813B-FFA4593CBED7}.Release|x86.ActiveCfg = Release|Win32
		{B56C7AB4-A24E-4758-813B-FFA4593CBED7}.Release|x86.Build.0 = Release|Win32
		{7AD851B3-9735-4310-AAE3-C860C09024FE}.Debug|x64.ActiveCfg = Debug|x64
		{7AD851B3-9735-4310-AAE3-C860C09024FE}.Debug|x64.Build.0 = Debug|x64
		{7AD851B3-9735-4310-AAE3-C860C09024FE}.Debug|x86.ActiveCfg = Debug|Win32
		{7AD851B3-9735-4310-AAE3-C860C09024FE}.Debug|x86.Build.0 = Debug|Win32
		{7AD851B3-9735-4310-AAE3-C860C09024FE}.Release|x64.ActiveCfg = Release|x64
		{7AD851B3-9735-4310-AAE3-C860C09024FE}.Release|x64.Build.0 = Release|x64
		{7AD851B3-9735-4310-AAE3-C860C09024FE}.Release|x86.ActiveCfg = Release|Win32
		{7AD851B3-9735-4310-AAE3-C860C09024FE}.Release|x86.Build.0 = Release|Win32
		{AB827B93-78B0-4AFE-B497-004D4A728B8A}.Debug|x64.ActiveCfg = Debug|x64
		{AB827B93-78B0-4AFE-B497-004D4A728B8A}.Debug|x64.Build.0 = Debug|x64
		{AB827B93-78B0-4AFE-B497-004D4A728B8A}.Debug|x86.ActiveCfg = Debug|Win32
		{AB827B93-78B0-4AFE-B497-004D4A728B8A}.Debug|x86.Build.0 = Debug|Win32
		{AB827B93-78B0-4AFE-B497-004D4A728B8A}.Release|x64.ActiveCfg = Release|x64
		{AB827B93-78B0-4AFE-B497-004D4A728B8A}.Release|x64.Build.0 = Release|x64
		{AB827B93-78B0-4AFE-B497-004D4A728B8A}.Release|x86.ActiveCfg = Release|Win32
		{AB827B93-78B0-4AFE-B497-004D4A728B8A}.Release|x86.Build.0 = Release|Win32
		{28CA5A35-3F69-4A41-BE65-C367ADA56F10}.Debug|x64.ActiveCfg = Debug|x64
		{28CA5A35-3F69-4A41-BE65-C367ADA56F10}.Debug|x64.Build.0 = Debug|x64
		{28CA5A35-3F69-4A41-BE65-C367ADA56F10}.Debug|x86.ActiveCfg = Debug|Win32
		{28CA5A35-3F69-4A41-BE65-C367ADA56F10}.Debug|x86.Build.0 = Debug|Win32
		{28CA5A35-3F69-4A41-BE65-C367ADA56F10}.Release|x64.ActiveCfg = Release|x64
		{28CA5A35-3F69-4A41-BE65-C367ADA56F10}.Release|x64.Build.0 = Release|x64
		{28CA5A35-3F69-4A41-BE65-C367ADA56F10}.Release|x86.ActiveCfg = Release|Win32
		{28CA5A35-3F69-4A41-BE65-C367ADA56F10}.Release|x86.Build.0 = Release|Win32
		{19330693-1803-410A-B3FF-E1568A94F7FE}.Debug|x64.ActiveCfg = Debug|x64
		{19330693-1803-410A-B3FF-E1568A94F7FE}.Debug|x64.Build.0 = Debug|x64
		{19330693-1803-410A-B3FF-E1568A94F7FE}.Debug|x86.ActiveCfg = Debug|Win32
		{19330693-1803-410A-B3FF-E1568A94F7FE}.Debug|x86.Build.0 = Debug|Win32
		{19330693-1803-410A-B3FF-E1568A94F7FE}.Release|x64.ActiveCfg = Release|x64
		{19330693-1803-410A-B3FF-E1568A94F7FE}.Release|x64.Build.0 = Release|x64
		{19330693-1803-410A-B3FF-E1568A94F7FE}.Release|x86.ActiveCfg = Release|Win32
		{19330693-1803-410A-B3FF-E1568A94F7FE}.Release|x86.Build.0 = Release|Win32
		{D4925342-FDFF-41CB-AA2F-74A3E7C734A9}.Debug|x64.ActiveCfg = Debug|x64
		{D4925342-FDFF-41CB-AA2F-74A3E7C734A9}.Debug|x64.Build.0 = Debug|x64
		{D4925342-FDFF-41CB-AA2F-74A3E7C734A9}.Debug|x86.ActiveCfg = Debug|Win32
		{D4925342-FDFF-41CB-AA2F-74A3E7C734A9}.Debug|x86.Build.0 = Debug|Win32
		{D4925342-FDFF-41CB-AA2F-74A3E7C734A9}.Release|x64.ActiveCfg = Release|x64
		{D4925342-FDFF-41CB-AA2F-74A3E7C734A9}.Release|x64.Build.0 = Release|x64
		{D4925342-FDFF-41CB-AA2F-74A3E7C734A9}.Release|x86.ActiveCfg = Release|Win32
		{D4925342-FDFF-41CB-AA2F-74A3E7C734A9}.Release|x86.Build.0 = Release|Win32
		{154554F6-6AD0-49B9-9212-79504BEDCFA5}.Debug|x64.ActiveCfg = Debug|x64
		{154554F6-6AD0-49B9-9212-79504BEDCFA5}.Debug|x64.Build.0 = Debug|x64
		{154554F6-6AD0-49B9-9212-79504BEDCFA5}.Debug|x86.ActiveCfg = Debug|Win32
		{154554F6-6AD0-49B9-9212-79504BEDCFA5}.Debug|x86.Build.0 = Debug|Win32
		{154554F6-6AD0-49B9-9212-79504BEDCFA5}.Release|x64.ActiveCfg = Release|x64
		{154554F6-6AD0-49B9-9212-79504BEDCFA5}.Release|x64.Build.0 = Release|x64
		{154554F6-6AD0-49B9-9212-79504BEDCFA5}.Release|x86.ActiveCfg = Release|Win32
		{154554F6-6AD0-49B9-9212-79504BEDCFA5}.Release|x86.Build.0 = Release|Win32
		{D84184AF-AD9C-4A4A-904D-099159F715FB}.Debug|x64.ActiveCfg = Debug|x64
		{D84184AF-AD9C-4A4A-904D-099159F715FB}.Debug|x64.Build.0 = Debug|x64
		{D84184AF-AD9C-4A4A-904D-099159F715FB}.Debug|x86.ActiveCfg = Debug|Win32
		{D84184AF-AD9C-4A4A-904D-099159F715FB}.Debug|x86.Build.0 = Debug|Win32
		{D84184AF-AD9C-4A4A-904D-099159F715FB}.Release|x64.ActiveCfg = Release|x64
		{D84184AF-AD9C-4A4A-904D-099159F715FB}.Release|x64.Build.0 = Release|x64
		{D84184AF-AD9C-4A4A-904D-099159F715FB}.Release|x86.ActiveCfg = Release|Win32
		{D84184AF-AD9C-4A4A-904D-099159F715FB}.Release|x86.Build.0 = Release|Win32
		{B73C09F8-8F79-42F4-945A-403CA36A1D18}.Debug|x64.ActiveCfg = Debug|x64
		{B73C09F8-8F79-42F4-945A-403CA36A1D18}.Debug|x64.Build.0 = Debug|x64
		{B73C09F8-8F79-42F4-945A-403CA36A1D18}.Debug|x86.ActiveCfg = Debug|Win32
		{B73C09F8-8F79-42F4-945A-403CA36A1D18}.Debug|x86.Build.0 = Debug|Win32
		{B73C09F8-8F79-42F4-945A-403CA36A1D18}.Release|x64.ActiveCfg = Release|x64
		{B73C09F8-8F79-42F4-945A-403CA36A1D18}.Release|x64.Build.0 = Release|x64
		{B73C09F8-8F79-42F4-945A-403CA36A1D18}.Release|x86.ActiveCfg = Release|Win32
		{B73C09F8-8F79-42F4-945A-403CA36A1D18}.Release|x86.Build.0 = Release|Win32
		{3039B3C0-043C-4E11-8DC8-E1F5BF53D8E9}.Debug|x64.ActiveCfg = Debug|x64
		{3039B3C0-043C-4E11-8DC8-E1F5BF53D8E9}.Debug|x64.Build.0 = Debug|x64
		{3039B3C0-043C-4E11-8DC8-E1F5BF53D8E9}.Debug|x86.ActiveCfg = Debug|Win32
		{3039B3C0-043C-4E11-8DC8-E1F5BF53D8E9}.Debug|x86.Build.0 = Debug|Win32
		{3039B3C0-043C-4E11-8DC8-E1F5BF53D8E9}.Release|x64.ActiveCfg = Release|x64
		{3039B3C0-043C-4E11-8DC8-E1F5BF53D8E9}.Release|x64.Build.0 = Release|x64
		{3039B3C0-043C-4E11-8DC8-E1F5BF53D8E9}.Release|x86.ActiveCfg = Release|Win32
		{3039B3C0-043C-4E11-8DC8-E1F5BF53D8E9}.Release|x86.Build.0 = Release|Win32
		{E7CD5EC4-13F8-4D5B-A804-C2DEBD09B20B}.Debug|x64.ActiveCfg = Debug|x64
		{E7CD5EC4-13F8-4D5B-A804-C2DEBD09B20B}.Debug|x64.Build.0 = Debug|x64
		{E7CD5EC4-13F8-4D5B-A804-C2DEBD09B20B}.Debug|x86.ActiveCfg = Debug|Win32
		{E7CD5EC4-13F8-4D5B-A804-C2DEBD09B20B}.Debug|x86.Build.0 = Debug|Win32
		{E7CD5EC4-13F8-4D5B-A804-C2DEBD09B20B}.Release|x64.ActiveCfg = Release|x64
		{E7CD5EC4-13F8-4D5B-A804-C2DEBD09B20B}.Release|x64.Build.0 = Release|x64
		{E7CD5EC4-13F8-4D5B-A804-C2DEBD09B20B}.Release|x86.ActiveCfg = Release|Win32
		{E7CD5EC4-13F8-4D5B-A804-C2DEBD09B20B}.Release|x86.Build.0 = Release|Win32
		{BD1C8C13-5103-49A9-9D95-542B146E2887}.Debug|x64.ActiveCfg = Debug|x64
		{BD1C8C13-5103-49A9-9D95-542B146E2887}.Debug|x64.Build.0 = Debug|x64
		{BD1C8C13-5103-49A9-9D95-542B146E2887}.Debug|x86.ActiveCfg = Debug|Win32
		{BD1C8C13-5103-49A9-9D95-542B146E2887}.Debug|x86.Build.0 = Debug|Win32
		{BD1C8C13-5103-49A9-9D95-542B146E2887}.Release|x64.ActiveCfg = Release|x64
		{BD1C8C13-5103-49A9-9D95-542B146E2887}.Release|x64.Build.0 = Release|x64
		{BD1C8C13-5103-49A9-9D95-542B146E2887}.Release|x86.ActiveCfg = Release|Win32
		{BD1C8C13-5103-49A9-9D95-542B146E2887}.Release|x86.Build.0 = Release|Win32
		{5984D6D6-A738-43F6-A0A1-F197B7F00929}.Debug|x64.ActiveCfg = Debug|x64
		{5984D6D6-A738-43F6-A0A1-F197B7F00929}.Debug|x64.Build.0 = Debug|x64
		{5984D6D6-A738-43F6-A0A1-F197B7F00929}.Debug|x86.ActiveCfg = Debug|Win32
		{5984D6D6-A738-43F6-A0A1-F197B7F00929}.Debug|x86.Build.0 = Debug|Win32
		{5984D6D6-A738-43F6-A0A1-F197B7F00929}.Release|x64.ActiveCfg = Release|x64
		{5984D6D6-A738-43F6-A0A1-F197B7F00929}.Release|x64.Build.0 = Release|x64
		{5984D6D6-A738-43F6-A0A1-F197B7F00929}.Release|x86.ActiveCfg = Release|Win32
		{5984D6D6-A738-43F6-A0A1-F197B7F00929}.Release|x86.Build.0 = Release|Win32
		{AC00F7C5-C5BF-4846-A10B-84F7BF37241C}.Debug|x64.ActiveCfg = Debug|x64
		{AC00F7C5-C5BF-4846-A10B-84F7BF37241C}.Debug|x64.Build.0 = Debug|x64
		{AC00F7C5-C5BF-4846-A10B-84F7BF37241C}.Debug|x86.ActiveCfg = Debug|Win32
		{AC00F7C5-C5BF-4846-A10B-84F7BF37241C}.Debug|x86.Build.0 = Debug|Win32
		{AC00F7C5-C5BF-4846-A10B-84F7BF37241C}.Release|x64.ActiveCfg = Release|x64
		{AC00F7C5-C5BF-4846-A10B-84F7BF37241C}.Release|x64.Build.0 = Release|x64
		{AC00F7C5-C5BF-4846-A10B-84F7BF37241C}.Release|x86.ActiveCfg = Release|Win32
		{AC00F7C5-C5BF-4846-A10B-84F7BF37241C}.Release|x86.Build.0 = Release|Win32
		{55DB64DC-F106-403F-8842-38337F0D0890}.Debug|x64.ActiveCfg = Debug|x64
		{55DB64DC-F106-403F-8842-38337F0D0890}.Debug|x64.Build.0 = Debug|x64
		{55DB64DC-F106-403F-8842-38337F0D0890}.Debug|x86.ActiveCfg = Debug|Win32
		{55DB64DC-F106-403F-8842-38337F0D0890}.Debug|x86.Build.0 = Debug|Win32
		{55DB64DC-F106-403F-8842-38337F0D0890}.Release|x64.ActiveCfg = Release|x64
		{55DB64DC-F106-403F-8842-38337F0D0890}.Release|x64.Build.0 = Release|x64
		{55DB64DC-F106-403F-8842-38337F0D0890}.Release|x86.ActiveCfg = Release|Win32
		{55DB64DC-F106-403F-8842-38337F0D0890}.Release|x86.Build.0 = Release|Win32
		{872A770D-0F9A-4D79-8C84-B71179C0942F}.Debug|x64.ActiveCfg = Debug|x64
		{872A770D-0F9A-4D79-8C84-B71179C0942F}.Debug|x64.Build.0 = Debug|x64
		{872A770D-0F9A-4D79-8C84-B71179C0942F}.Debug|x86.ActiveCfg = Debug|Win32
		{872A770D-0F9A-4D79-8C84-B71179C0942F}.Debug|x86.Build.0 = Debug|Win32
		{872A770D-0F9A-4D79-8C84-B71179C0942F}.Release|x64.ActiveCfg = Release|x64
		{872A770D-0F9A-4D79-8C84-B71179C0942F}.Release|x64.Build.0 = Release|x64
		{872A770D-0F9A-4D79-8C84-B71179C0942F}.Release|x86.ActiveCfg = Release|Win32
		{872A770D-0F9A-4D79-8C84-B71179C0942F}.Release|x86.Build.0 = Release|Win32
		{6401C8CD-B22F-4FB2-8D0F-B6D6DE3D1FA2}.Debug|x64.ActiveCfg = Debug|x64
		{6401C8CD-B22F-4FB2-8D0F-B6D6DE3D1FA2}.Debug|x64.Build.0 = Debug|x64
		{6401C8CD-B22F-4FB2-8D0F-B6D6DE3D1FA2}.Debug|x86.ActiveCfg = Debug|Win32
		{6401C8CD-B22F-4FB2-8D0F-B6D6DE3D1FA2}.Debug|x86.Build.0 = Debug|Win32
		{6401C8CD-B22F-4FB2-8D0F-B6D6DE3D1FA2}.Release|x64.ActiveCfg = Release|x64
		{6401C8CD-B22F-4FB2-8D0F-B6D6DE3D1FA2}.Release|x64.Build.0 = Release|x64
		{6401C8CD-B22F-4FB2-8D0F-B6D6DE3D1FA2}.Release|x86.ActiveCfg = Release|Win32
		{6401C8CD-B22F-4FB2-8D0F-B6D6DE3D1FA2}.Release|x86.Build.0 = Release|Win32
		{E5E284B0-58B3-46B2-82F9-B011D7388428}.Debug|x64.ActiveCfg = Debug|x64
		{E5E284B0-58B3-46B2-82F9-B011D7388428}.Debug|x64.Build.0 = Debug|x64
		{E5E284B0-58B3-46B2-82F9-B011D7388428}.Debug|x86.ActiveCfg = Debug|Win32
		{E5E284B0-58B3-46B2-82F9-B011D7388428}.Debug|x86.Build.0 = Debug|Win32
		{E5E284B0-58B3-46B2-82F9-B011D7388428}.Release|x64.ActiveCfg = Release|x64
		{E5E284B0-58B3-46B2-82F9-B011D7388428}.Release|x64.Build.0 = Release|x64
		{E5E284B0-58B3-46B2-82F9-B011D7388428}.Release|x86.ActiveCfg = Release|Win32
		{E5E284B0-58B3-46B2-82F9-B011D7388428}.Release|x86.Build.0 = Release|Win32
		{8742BB9D-6E74-464E-9940-53774EDDB2A1}.Debug|x64.ActiveCfg = Debug|x64
		{8742BB9D-6E74-464E-9940-53774EDDB2A1}.Debug|x64.Build.0 = Debug|x64
		{8742BB9D-6E74-464E-9940-53774EDDB2A1}.Debug|x86.ActiveCfg = Debug|Win32
		{8742BB9D-6E74-464E-9940-53774EDDB2A1}.Debug|x86.Build.0 = Debug|Win32
		{8742BB9D-6E74-464E-9940-53774EDDB2A1}.Release|x64.ActiveCfg = Release|x64
		{8742BB9D-6E74-464E-9940-53774EDDB2A1}.Release|x64.Build.0 = Release|x64
		{8742BB9D-6E74-464E-9940-53774EDDB2A1}.Release|x86.ActiveCfg = Release|Win32
		{8742BB9D-6E74-464E-9940-53774EDDB2A1}.Release|x86.Build.0 = Release|Win32
		{E09537DC-2098-4FDC-B996-9D7D2A83BC4C}.Debug|x64.ActiveCfg = Debug|x64
		{E09537DC-2098-4FDC-B996-9D7D2A83BC4C}.Debug|x64.Build.0 = Debug|x64
		{E09537DC-2098-4FDC-B996-9D7D2A83BC4C}.Debug|x86.ActiveCfg = Debug|Win32
		{E09537DC-2098-4FDC-B996-9D7D2A83BC4C}.Debug|x86.Build.0 = Debug|Win32
		{E09537DC-2098-4FDC-B996-9D7D2A83BC4C}.Release|x64.ActiveCfg = Release|x64
		{E09537DC-2098-4FDC-B996-9D7D2A83BC4C}.Release|x64.Build.0 = Release|x64
		{E09537DC-2098-4FDC-B996-9D7D2A83BC4C}.Release|x86.ActiveCfg = Release|Win32
		{E09537DC-2098-4FDC-B996-9D7D2A83BC4C}.Release|x86.Build.0 = Release|Win32
		{AD0E6727-06FE-457C-AA5A-9116538431F4}.Debug|x64.ActiveCfg = Debug|x64
		{AD0E6727-06FE-457C-AA5A-9116538431F4}.Debug|x64.Build.0 = Debug|x64
		{AD0E6727-06FE-457C-AA5A-9116538431F4}.Debug|x86.ActiveCfg = Debug|Win32
		{AD0E6727-06FE-457C-AA5A-9116538431F4}.Debug|x86.Build.0 = Debug|Win32
		{AD0E6727-06FE-457C-AA5A-9116538431F4}.Release|x64.ActiveCfg = Release|x64
		{AD0E6727-06FE-457C-AA5A-9116538431F4}.Release|x64.Build.0 = Release|x64
		{AD0E6727-06FE-457C-AA5A-9116538431F4}.Release|x86.ActiveCfg = Release|Win32
		{AD0E6727-06FE-457C-AA5A-9116538431F4}.Release|x86.Build.0 = Release|Win32
		{FED9B5B3-90C7-4B8A-A889-2EBD1EB5F249}.Debug|x64.ActiveCfg = Debug|x64
		{FED9B5B3-90C7-4B8A-A889-2EBD1EB5F249}.Debug|x64.Build.0 = Debug|x64
		{FED9B5B3-90C7-4B8A-A889-2EBD1EB5F249}.Debug|x86.ActiveCfg = Debug|Win32
		{FED9B5B3-90C7-4B8A-A889-2EBD1EB5F249}.Debug|x86.Build.0 = Debug|Win32
		{FED9B5B3-90C7-4B8A-A889-2EBD1EB5F249}.Release|x64.ActiveCfg = Release|x64
		{FED9B5B3-90C7-4B8A-A889-2EBD1EB5F249}.Release|x64.Build.0 = Release|x64
		{FED9B5B3-90C7-4B8A-A889-2EBD1EB5F249}.Release|x86.ActiveCfg = Release|Win32
		{FED9B5B3-90C7-4B8A-A889-2EBD1EB5F249}.Release|x86.Build.0 = Release|Win32
		{81B2E924-4B61-4ADB-A764-E1AE4553FD44}.Debug|x64.ActiveCfg = Debug|x64
		{81B2E924-4B61-4ADB-A764-E1AE4553FD44}.Debug|x64.Build.0 = Debug|x64
		{81B2E924-4B61-4ADB-A764-E1AE4553FD44}.Debug|x86.ActiveCfg = Debug|Win32
		{81B2E924-4B61-4ADB-A764-E1AE4553FD44}.Debug|x86.Build.0 = Debug|Win32
		{81B2E924-4B61-4ADB-A764-E1AE4553FD44}.Release|x64.ActiveCfg = Release|x64
		{81B2E924-4B61-4ADB-A764-E1AE4553FD44}.Release|x64.Build.0 = Release|x64
		{81B2E924-4B61-4ADB-A764-E1AE4553FD44}.Release|x86.ActiveCfg = Release|Win32
		{81B2E924-4B61-4ADB-A764-E1AE4553FD44}.Release|x86.Build.0 = Release|Win32
		{C90EA75E-31FF-4E78-978D-C9C1B799465A}.Debug|x64.ActiveCfg = Debug|x64
		{C90EA75E-31FF-4E78-978D-C9C1B799465A}.Debug|x64.Build.0 = Debug|x64
		{C90EA75E-31FF-4E78-978D-C9C1B799465A}.Debug|x86.ActiveCfg = Debug|Win32
		{C90EA75E-31FF-4E78-978D-C9C1B799465A}.Debug|x86.Build.0 = Debug|Win32
		{C90EA75E-31FF-4E78-978D-C9C1B799465A}.Release|x64.ActiveCfg = Release|x64
		{C90EA75E-31FF-4E78-978D-C9C1B799465A}.Release|x64.Build.0 = Release|x64
		{C90EA75E-31FF-4E78-978D-C9C1B799465A}.Release|x86.ActiveCfg = Release|Win32
		{C90EA75E-31FF-4E78-978D-C9C1B799465A}.Release|x86.Build.0 = Release|Win32
		{70CBD2A0-8B09-4428-9260-29176D8997D0}.Debug|x64.ActiveCfg = Debug|x64
		{70CBD2A0-8B09-4428-9260-29176D8997D0}.Debug|x64.Build.0 = Debug|x64
		{70CBD2A0-8B09-4428-9260-29176D8997D0}.Debug|x86.ActiveCfg = Debug|Win32
		{70CBD2A0-8B09-4428-9260-29176D8997D0}.Debug|x86.Build.0 = Debug|Win32
		{70CBD2A0-8B09-4428-9260-29176D8997D0}.Release|x64.ActiveCfg = Release|x64
		{70CBD2A0-8B09-4428-9260-29176D8997D0}.Release|x64.Build.0 = Release|x64
		{70CBD2A0-8B09-4428-9260-29176D8997D0}.Release|x86.ActiveCfg = Release|Win32
		{70CBD2A0-8B09-4428-9260-29176D8997D0}.Release|x86.Build.0 = Release|Win32
		{2AB0DD9F-7768-4027-ACED-00F07C5AE2C2}.Debug|x64.ActiveCfg = Debug|x64
		{2AB0DD9F-7768-4027-ACED-00F07C5AE2C2}.Debug|x64.Build.0 = Debug|x64
		{2AB0DD9F-7768-4027-ACED-00F07C5AE2C2}.Debug|x86.ActiveCfg = Debug|Win32
		{2AB0DD9F-7768-4027-ACED-00F07C5AE2C2}.Debug|x86.Build.0 = Debug|Win32
		{2AB0DD9F-7768-4027-ACED-00F07C5AE2C2}.Release|x64.ActiveCfg = Release|x64
		{2AB0DD9F-7768-4027-ACED-00F07C5AE2C2}.Release|x64.Build.0 = Release|x64
		{2AB0DD9F-7768-4027-ACED-00F07C5AE2C2}.Release|x86.ActiveCfg = Release|Win32
		{2AB0DD9F-7768-4027-ACED-00F07C5AE2C2}.Release|x86.Build.0 = Release|Win32
		{3A96B658-F2B6-4C09-9D77-9852A4BCFFF0}.Debug|x64.ActiveCfg = Debug|x64
		{3A96B658-F2B6-4C09-9D77-9852A4BCFFF0}.Debug|x64.Build.0 = Debug|x64
		{3A96B658-F2B6-4C09-9D77-9852A4BCFFF0}.Debug|x86.ActiveCfg = Debug|Win32
		{3A96B658-F2B6-4C09-9D77-9852A4BCFFF0}.Debug|x86.Build.0 = Debug|Win32
		{3A96B658-F2B6-4C09-9D77-9852A4BCFFF0}.Release|x64.ActiveCfg = Release|x64
		{3A96B658-F2B6-4C09-9D77-9852A4BCFFF0}.Release|x64.Build.0 = Release|x64
		{3A96B658-F2B6-4C09-9D77-9852A4BCFFF0}.Release|x86.ActiveCfg = Release|Win32
		{3A96B658-F2B6-4C09-9D77-9852A4BCFFF0}.Release|x86.Build.0 = Release|Win32
		{4C21EE37-61AA-4F2B-B736-8CFEC00E2D1E}.Debug|x64.ActiveCfg = Debug|x64
		{4C21EE37-61AA-4F2B-B736-8CFEC00E2D1E}.Debug|x64.Build.0 = Debug|x64
		{4C21EE37-61AA-4F2B-B736-8CFEC00E2D1E}.Debug|x86.ActiveCfg = Debug|Win32
		{4C21EE37-61AA-4F2B-B736-8CFEC00E2D1E}.Debug|x86.Build.0 = Debug|Win32
		{4C21EE37-61AA-4F2B-B736-8CFEC00E2D1E}.Release|x64.ActiveCfg = Release|x64
		{4C21EE37-61AA-4F2B-B736-8CFEC00E2D1E}.Release|x64.Build.0 = Release|x64
		{4C21EE37-61AA-4F2B-B736-8CFEC00E2D1E}.Release|x86.ActiveCfg = Release|Win32
		{4C21EE37-61AA-4F2B-B736-8CFEC00E2D1E}.Release|x86.Build.0 = Release|Win32
		{0B25C418-EB0A-474A-8042-2DD3ACA3525D}.Debug|x64.ActiveCfg = Debug|x64
		{0B25C418-EB0A-474A-8042-2DD3ACA3525D}.Debug|x64.Build.0 = Debug|x64
		{0B25C418-EB0A-474A-8042-2DD3ACA3525D}.Debug|x86.ActiveCfg = Debug|Win32
		{0B25C418-EB0A-474A-8042-2DD3ACA3525D}.Debug|x86.Build.0 = Debug|Win32
		{0B25C418-EB0A-474A-8042-2DD3ACA3525D}.Release|x64.ActiveCfg = Release|x64
		{0B25C418-EB0A-474A-8042-2DD3ACA3525D}.Release|x64.Build.0 = Release|x64
		{0B25C418-EB0A-474A-8042-2DD3ACA3525D}.Release|x86.ActiveCfg = Release|Win32
		{0B25C418-EB0A-474A-8042-2DD3ACA3525D}.Release|x86.Build.0 = Release|Win32
		{B0A1C5DF-CDE7-49F0-9FC1-5C259140B3D3}.Debug|x64.ActiveCfg = Debug|x64
		{B0A1C5DF-CDE7-49F0-9FC1-5C259140B3D3}.Debug|x64.Build.0 = Debug|x64
		{B0A1C5DF-CDE7-49F0-9FC1-5C259140B3D3}.Debug|x86.ActiveCfg = Debug|Win32
		{B0A1C5DF-CDE7-49F0-9FC1-5C259140B3D3}.Debug|x86.Build.0 = Debug|Win32
		{B0A1C5DF-CDE7-49F0-9FC1-5C259140B3D3}.Release|x64.ActiveCfg = Release|x64
		{B0A1C5DF-CDE7-49F0-9FC1-5C259140B3D3}.Release|x64.Build.0 = Release|x64
		{B0A1C5DF-CDE7-49F0-9FC1-5C259140B3D3}.Release|x86.ActiveCfg = Release|Win32
		{B0A1C5DF-CDE7-49F0-9FC1-5C259140B3D3}.Release|x86.Build.0 = Release|Win32
		{883B82D1-B29E-4F0E-B195-086CA248AD4C}.Debug|x64.ActiveCfg = Debug|x64
		{883B82D1-B29E-4F0E-B195-086CA248AD4C}.Debug|x64.Build.0 = Debug|x64
		{883B82D1-B29E-4F0E-B195-086CA248AD4C}.Debug|x86.ActiveCfg = Debug|Win32
		{883B82D1-B29E-4F0E-B195-086CA248AD4C}.Debug|x86.Build.0 = Debug|Win32
		{883B82D1-B29E-4F0E-B195-086CA248AD4C}.Release|x64.ActiveCfg = Release|x64
		{883B82D1-B29E-4F0E-B195-086CA248AD4C}.Release|x64.Build.0 = Release|x64
		{883B82D1-B29E-4F0E-B195-086CA248AD4C}.Release|x86.ActiveCfg = Release|Win32
		{883B82D1-B29E-4F0E-B195-086CA248AD4C}.Release|x86.Build.0 = Release|Win32
		{4C3E6D53-FBD7-483E-A391-DDD4193ECD5E}.Debug|x64.ActiveCfg = Debug|x64
		{4C3E6D53-FBD7-483E-A391-DDD4193ECD5E}.Debug|x64.Build.0 = Debug|x64
		{4C3E6D53-FBD7-483E-A391-DDD4193ECD5E}.Debug|x86.ActiveCfg = Debug|Win32
		{4C3E6D53-FBD7-483E-A391-DDD4193ECD5E}.Debug|x86.Build.0 = Debug|Win32
		{4C3E6D53-FBD7-483E-A391-DDD4193ECD5E}.Release|x64.ActiveCfg = Release|x64
		{4C3E6D53-FBD7-483E-A391-DDD4193ECD5E}.Release|x64.Build.0 = Release|x64
		{4C3E6D53-FBD7-483E-A391-DDD4193ECD5E}.Release|x86.ActiveCfg = Release|Win32
		{4C3E6D53-FBD7-483E-A391-DDD4193ECD5E}.Release|x86.Build.0 = Release|Win32
		{C379A1BD-4041-4D03-AAA0-47F998274E0A}.Debug|x64.ActiveCfg = Debug|x64
		{C379A1BD-4041-4D03-AAA0-47F998274E0A}.Debug|x64.Build.0 = Debug|x64
		{C379A1BD-4041-4D03-AAA0-47F998274E0A}.Debug|x86.ActiveCfg = Debug|Win32
		{C379A1BD-4041-4D03-AAA0-47F998274E0A}.Debug|x86.Build.0 = Debug|Win32
		{C379A1BD-4041-4D03-AAA0-47F998274E0A}.Release|x64.ActiveCfg = Release|x64
		{C379A1BD-4041-4D03-AAA0-47F998274E0A}.Release|x64.Build.0 = Release|x64
		{C379A1BD-4041-4D03-AAA0-47F998274E0A}.Release|x86.ActiveCfg = Release|Win32
		{C379A1BD-4041-4D03-AAA0-47F998274E0A}.Release|x86.Build.0 = Release|Win32
		{076AD017-5CE1-4682-AED7-632CDC967D86}.Debug|x64.ActiveCfg = Debug|x64
		{076AD017-5CE1-4682-AED7-632CDC967D86}.Debug|x64.Build.0 = Debug|x64
		{076AD017-5CE1-4682-AED7-632CDC967D86}.Debug|x86.ActiveCfg = Debug|Win32
		{076AD017-5CE1-4682-AED7-632CDC967D86}.Debug|x86.Build.0 = Debug|Win32
		{076AD017-5CE1-4682-AED7-632CDC967D86}.Release|x64.ActiveCfg = Release|x64
		{076AD017-5CE1-4682-AED7-632CDC967D86}.Release|x64.Build.0 = Release|x64
		{076AD017-5CE1-4682-AED7-632CDC967D86}.Release|x86.ActiveCfg = Release|Win32
		{076AD017-5CE1-4682-AED7-632CDC967D86}.Release|x86.Build.0 = Release|Win32
		{114E4EE8-0A5F-41B9-AAEB-E01415511D84}.Debug|x64.ActiveCfg = Debug|x64
		{114E4EE8-0A5F-41B9-AAEB-E01415511D84}.Debug|x64.Build.0 = Debug|x64
		{114E4EE8-0A5F-41B9-AAEB-E01415511D84}.Debug|x86.ActiveCfg = Debug|Win32
		{114E4EE8-0A5F-41B9-AAEB-E01415511D84}.Debug|x86.Build.0 = Debug|Win32
		{114E4EE8-0A5F-41B9-AAEB-E01415511D84}.Release|x64.ActiveCfg = Release|x64
		{114E4EE8-0A5F-41B9-AAEB-E01415511D84}.Release|x64.Build.0 = Release|x64
		{114E4EE8-0A5F-41B9-AAEB-E01415511D84}.Release|x86.ActiveCfg = Release|Win32
		{114E4EE8-0A5F-41B9-AAEB-E01415511D84}.Release|x86.Build.0 = Release|Win32
		{05CC7C4B-6F65-4443-83F0-43CDCEEBE2EB}.Debug|x64.ActiveCfg = Debug|x64
		{05CC7C4B-6F65-4443-83F0-43CDCEEBE2EB}.Debug|x64.Build.0 = Debug|x64
		{05CC7C4B-6F65-4443-83F0-43CDCEEBE2EB}.Debug|x86.ActiveCfg = Debug|Win32
		{05CC7C4B-6F65-4443-83F0-43CDCEEBE2EB}.Debug|x86.Build.0 = Debug|Win32
		{05CC7C4B-6F65-4443-83F0-43CDCEEBE2EB}.Release|x64.ActiveCfg = Release|x64
		{05CC7C4B-6F65-4443-83F0-43CDCEEBE2EB}.Release|x64.Build.0 = Release|x64
		{05CC7C4B-6F65-4443-83F0-43CDCEEBE2EB}.Release|x86.ActiveCfg = Release|Win32
		{05CC7C4B-6F65-4443-83F0-43CDCEEBE2EB}.Release|x86.Build.0 = Release|Win32
		{9D759E2F-2141-4A61-82FE-4EB59F1943CA}.Debug|x64.ActiveCfg = Debug|x64
		{9D759E2F-2141-4A61-82FE-4EB59F1943CA}.Debug|x64.Build.0 = Debug|x64
		{9D759E2F-2141-4A61-82FE-4EB59F1943CA}.Debug|x86.ActiveCfg = Debug|Win32
		{9D759E2F-2141-4A61-82FE-4EB59F1943CA}.Debug|x86.Build.0 = Debug|Win32
		{9D759E2F-2141-4A61-82FE-4EB59F1943CA}.Release|x64.ActiveCfg = Release|x64
		{9D759E2F-2141-4A61-82FE-4EB59F1943CA}.Release|x64.Build.0 = Release|x64
		{9D759E2F-2141-4A61-82FE-4EB59F1943CA}.Release|x86.ActiveCfg = Release|Win32
		{9D759E2F-2141-4A61-82FE-4EB59F1943CA}.Release|x86.Build.0 = Release|Win32
		{09C4C374-5812-4126-9F85-E743294731E4}.Debug|x64.ActiveCfg = Debug|x64
		{09C4C374-5812-4126-9F85-E743294731E4}.Debug|x64.Build.0 = Debug|x64
		{09C4C374-5812-4126-9F85-E743294731E4}.Debug|x86.ActiveCfg = Debug|Win32
		{09C4C374-5812-4126-9F85-E743294731E4}.Debug|x86.Build.0 = Debug|Win32
		{09C4C374-5812-4126-9F85-E743294731E4}.Release|x64.ActiveCfg = Release|x64
		{09C4C374-5812-4126-9F85-E743294731E4}.Release|x64.Build.0 = Release|x64
		{09C4C374-5812-4126-9F85-E743294731E4}.Release|x86.ActiveCfg = Release|Win32
		{09C4C374-5812-4126-9F85-E743294731E4}.Release|x86.Build.0 = Release|Win32
		{BE5BDD90-ED19-4B60-BD0A-9F3D4C1CC6ED}.Debug|x64.ActiveCfg = Debug|x64
		{BE5BDD90-ED19-4B60-BD0A-9F3D4C1CC6ED}.Debug|x64.Build.0 = Debug|x64
		{BE5BDD90-ED19-4B60-BD0A-9F3D4C1CC6ED}.Debug|x86.ActiveCfg = Debug|Win32
		{BE5BDD90-ED19-4B60-BD0A-9F3D4C1CC6ED}.Debug|x86.Build.0 = Debug|Win32
		{BE5BDD90-ED19-4B60-BD0A-9F3D4C1CC6ED}.Release|x64.ActiveCfg = Release|x64
		{BE5BDD90-ED19-4B60-BD0A-9F3D4C1CC6ED}.Release|x64.Build.0 = Release|x64
		{BE5BDD90-ED19-4B60-BD0A-9F3D4C1CC6ED}.Release|x86.ActiveCfg = Release|Win32
		{BE5BDD90-ED19-4B60-BD0A-9F3D4C1CC6ED}.Release|x86.Build.0 = Release|Win32
		{BF00111A-62F1-45E5-A327-E4A1CF957327}.Debug|x64.ActiveCfg = Debug|x64
		{BF00111A-62F1-45E5-A327-E4A1CF957327}.Debug|x64.Build.0 = Debug|x64
		{BF00111A-62F1-45E5-A327-E4A1CF957327}.Debug|x86.ActiveCfg = Debug|Win32
		{BF00111A-62F1-45E5-A327-E4A1CF957327}.Debug|x86.Build.0 = Debug|Win32
		{BF00111A-62F1-45E5-A327-E4A1CF957327}.Release|x64.ActiveCfg = Release|x64
		{BF00111A-62F1-45E5-A327-E4A1CF957327}.Release|x64.Build.0 = Release|x64
		{BF00111A-62F1-45E5-A327-E4A1CF957327}.Release|x86.ActiveCfg = Release|Win32
		{BF00111A-62F1-45E5-A327-E4A1CF957327}.Release|x86.Build.0 = Release|Win32
		{6EC07029-1993-4842-B565-E6D0E22BA84D}.Debug|x64.ActiveCfg = Debug|x64
		{6EC07029-1993-4842-B565-E6D0E22BA84D}.Debug|x64.Build.0 = Debug|x64
		{6EC07029-1993-4842-B565-E6D0E22BA84D}.Debug|x86.ActiveCfg = Debug|Win32
		{6EC07029-1993-4842-B565-E6D0E22BA84D}.Debug|x86.Build.0 = Debug|Win32
		{6EC07029-1993-4842-B565-E6D0E22BA84D}.Release|x64.ActiveCfg = Release|x64
		{6EC07029-1993-4842-B565-E6D0E22BA84D}.Release|x64.Build.0 = Release|x64
		{6EC07029-1993-4842-B565-E6D0E22BA84D}.Release|x86.ActiveCfg = Release|Win32
		{6EC07029-1993-4842-B565-E6D0E22BA84D}.Release|x86.Build.0 = Release|Win32
		{40D1F100-CE4C-443F-ADC5-02847C8FE74A}.Debug|x64.ActiveCfg = Debug|x64
		{40D1F100-CE4C-443F-ADC5-02847C8FE74A}.Debug|x64.Build.0 = Debug|x64
		{40D1F100-CE4C-443F-ADC5-02847C8FE74A}.Debug|x86.ActiveCfg = Debug|Win32
		{40D1F100-CE4C-443F-ADC5-02847C8FE74A}.Debug|x86.Build.0 = Debug|Win32
		{40D1F100-CE4C-443F-ADC5-02847C8FE74A}.Release|x64.ActiveCfg = Release|x64
		{40D1F100-CE4C-443F-ADC5-02847C8FE74A}.Release|x64.Build.0 = Release|x64
		{40D1F100-CE4C-443F-ADC5-02847C8FE74A}.Release|x86.ActiveCfg = Release|Win32
		{40D1F100-CE4C-443F-ADC5-02847C8FE74A}.Release|x86.Build.0 = Release|Win32
		{D323ADE0-2279-4BBE-AFDE-49B40DE684DA}.Debug|x64.ActiveCfg = Debug|x64
		{D323ADE0-2279-4BBE-AFDE-49B40DE684DA}.Debug|x64.Build.0 = Debug|x64
		{D323ADE0-2279-4BBE-AFDE-49B40DE684DA}.Debug|x86.ActiveCfg = Debug|Win32
		{D323ADE0-2279-4BBE-AFDE-49B40DE684DA}.Debug|x86.Build.0 = Debug|Win32
		{D323ADE0-2279-4BBE-AFDE-49B40DE684DA}.Release|x64.ActiveCfg = Release|x64
		{D323ADE0-2279-4BBE-AFDE-49B40DE684DA}.Release|x64.Build.0 = Release|x64
		{D323ADE0-2279-4BBE-AFDE-49B40DE684DA}.Release|x86.ActiveCfg = Release|Win32
		{D323ADE0-2279-4BBE-AFDE-49B40DE684DA}.Release|x86.Build.0 = Release|Win32
		{A58AC3DA-84BA-4B2A-BC68-99D040A938C1}.Debug|x64.ActiveCfg = Debug|x64
		{A58AC3DA-84BA-4B2A-BC68-99D040A938C1}.Debug|x64.Build.0 = Debug|x64
		{A58AC3DA-84BA-4B2A-BC68-99D040A938C1}.Debug|x86.ActiveCfg = Debug|Win32
		{A58AC3DA-84BA-4B2A-BC68-99D040A938C1}.Debug|x86.Build.0 = Debug|Win32
		{A58AC3DA-84BA-4B2A-BC68-99D040A938C1}.Release|x64.ActiveCfg = Release|x64
		{A58AC3DA-84BA-4B2A-BC68-99D040A938C1}.Release|x64.Build.0 = Release|x64
		{A58AC3DA-84BA-4B2A-BC68-99D040A938C1}.Release|x86.ActiveCfg = Release|Win32
		{A58AC3DA-84BA-4B2A-BC68-99D040A938C1}.Release|x86.Build.0 = Release|Win32
		{4F0B9844-020E-4CA3-A773-E49CA3D4BB63}.Debug|x64.ActiveCfg = Debug|x64
		{4F0B9844-020E-4CA3-A773-E49CA3D4BB63}.Debug|x64.Build.0 = Debug|x64
		{4F0B9844-020E-4CA3-A773-E49CA3D4BB63}.Debug|x86.ActiveCfg = Debug|Win32
		{4F0B9844-020E-4CA3-A773-E49CA3D4BB63}.Debug|x86.Build.0 = Debug|Win32
		{4F0B9844-020E-4CA3-A773-E49CA3D4BB63}.Release|x64.ActiveCfg = Release|x64
		{4F0B9844-020E-4CA3-A773-E49CA3D4BB63}.Release|x64.Build.0 = Release|x64
		{4F0B9844-020E-4CA3-A773-E49CA3D4BB63}.Release|x86.ActiveCfg = Release|Win32
		{4F0B9844-020E-4CA3-A773-E49CA3D4BB63}.Release|x86.Build.0 = Release|Win32
		{FE578EDD-529F-49C2-8C99-FFAEC6976E5E}.Debug|x64.ActiveCfg = Debug|x64
		{FE578EDD-529F-49C2-8C99-FFAEC6976E5E}.Debug|x64.Build.0 = Debug|x64
		{FE578EDD-529F-49C2-8C99-FFAEC6976E5E}.Debug|x86.ActiveCfg = Debug|Win32
		{FE578EDD-529F-49C2-8C99-FFAEC6976E5E}.Debug|x86.Build.0 = Debug|Win32
		{FE578EDD-529F-49C2-8C99-FFAEC6976E5E}.Release|x64.ActiveCfg = Release|x64
		{FE578EDD-529F-49C2-8C99-FFAEC6976E5E}.Release|x64.Build.0 = Release|x64
		{FE578EDD-529F-49C2-8C99-FFAEC6976E5E}.Release|x86.ActiveCfg = Release|Win32
		{FE578EDD-529F-49C2-8C99-FFAEC6976E5E}.Release|x86.Build.0 = Release|Win32
		{A9E3E7D0-CB9F-4599-BC07-998260512730}.Debug|x64.ActiveCfg = Debug|x64
		{A9E3E7D0-CB9F-4599-BC07-998260512730}.Debug|x64.Build.0 = Debug|x64
		{A9E3E7D0-CB9F-4599-BC07-998260512730}.Debug|x86.ActiveCfg = Debug|Win32
		{A9E3E7D0-CB9F-4599-BC07-998260512730}.Debug|x86.Build.0 = Debug|Win32
		{A9E3E7D0-CB9F-4599-BC07-998260512730}.Release|x64.ActiveCfg = Release|x64
		{A9E3E7D0-CB9F-4599-BC07-998260512730}.Release|x64.Build.0 = Release|x64
		{A9E3E7D0-CB9F-4599-BC07-998260512730}.Release|x86.ActiveCfg = Release|Win32
		{A9E3E7D0-CB9F-4599-BC07-998260512730}.Release|x86.Build.0 = Release|Win32
		{F2E8B4A7-E83A-4D33-BD55-047F47731E94}.Debug|x64.ActiveCfg = Debug|x64
		{F2E8B4A7-E83A-4D33-BD55-047F47731E94}.Debug|x64.Build.0 = Debug|x64
		{F2E8B4A7-E83A-4D33-BD55-047F47731E94}.Debug|x86.ActiveCfg = Debug|Win32
		{F2E8B4A7-E83A-4D33-BD55-047F47731E94}.Debug|x86.Build.0 = Debug|Win32
		{F2E8B4A7-E83A-4D33-BD55-047F47731E94}.Release|x64.ActiveCfg = Release|x64
		{F2E8B4A7-E83A-4D33-BD55-047F47731E94}.Release|x64.Build.0 = Release|x64
		{F2E8B4A7-E83A-4D33-BD55-047F47731E94}.Release|x86.ActiveCfg = Release|Win32
		{F2E8B4A7-E83A-4D33-BD55-047F47731E94}.Release|x86.Build.0 = Release|Win32
		{EB7190C4-E382-453E-B302-1E08E4E22C8F}.Debug|x64.ActiveCfg = Debug|x64
		{EB7190C4-E382-453E-B302-1E08E4E22C8F}.Debug|x64.Build.0 = Debug|x64
		{EB7190C4-E382-453E-B302-1E08E4E22C8F}.Debug|x86.ActiveCfg = Debug|Win32
		{EB7190C4-E382-453E-B302-1E08E4E22C8F}.Debug|x86.Build.0 = Debug|Win32
		{EB7190C4-E382-453E-B302-1E08E4E22C8F}.Release|x64.ActiveCfg = Release|x64
		{EB7190C4-E382-453E-B302-1E08E4E22C8F}.Release|x64.Build.0 = Release|x64
		{EB7190C4-E382-453E-B302-1E08E4E22C8F}.Release|x86.ActiveCfg = Release|Win32
		{EB7190C4-E382-453E-B302-1E08E4E22C8F}.Release|x86.Build.0 = Release|Win32
		{8392C681-300E-4B8A-AC0A-37C85F715D87}.Debug|x64.ActiveCfg = Debug|x64
		{8392C681-300E-4B8A-AC0A-37C85F715D87}.Debug|x64.Build.0 = Debug|x64
		{8392C681-300E-4B8A-AC0A-37C85F715D87}.Debug|x86.ActiveCfg = Debug|Win32
		{8392C681-300E-4B8A-AC0A-37C85F715D87}.Debug|x86.Build.0 = Debug|Win32
		{8392C681-300E-4B8A-AC0A-37C85F715D87}.Release|x64.ActiveCfg = Release|x64
		{8392C681-300E-4B8A-AC0A-37C85F715D87}.Release|x64.Build.0 = Release|x64
		{8392C681-300E-4B8A-AC0A-37C85F715D87}.Release|x86.ActiveCfg = Release|Win32
		{8392C681-300E-4B8A-AC0A-37C85F715D87}.Release|x86.Build.0 = Release|Win32
		{5B37B782-5CD2-4492-9928-E81CEDC2D3C2}.Debug|x64.ActiveCfg = Debug|x64
		{5B37B782-5CD2-4492-9928-E81CEDC2D3C2}.Debug|x64.Build.0 = Debug|x64
		{5B37B782-5CD2-4492-9928-E81CEDC2D3C2}.Debug|x86.ActiveCfg = Debug|Win32
		{5B37B782-5CD2-4492-9928-E81CEDC2D3C2}.Debug|x86.Build.0 = Debug|Win32
		{5B37B782-5CD2-4492-9928-E81CEDC2D3C2}.Release|x64.ActiveCfg = Release|x64
		{5B37B782-5CD2-4492-9928-E81CEDC2D3C2}.Release|x64.Build.0 = Release|x64
		{5B37B782-5CD2-4492-9928-E81CEDC2D3C2}.Release|x86.ActiveCfg = Release|Win32
		{5B37B782-5CD2-4492-9928-E81CEDC2D3C2}.Release|x86.Build.0 = Release|Win32
		{42E834F6-9866-4632-95C4-3F96E05FBE9D}.Debug|x64.ActiveCfg = Debug|x64
		{42E834F6-9866-4632-95C4-3F96E05FBE9D}.Debug|x64.Build.0 = Debug|x64
		{42E834F6-9866-4632-95C4-3F96E05FBE9D}.Debug|x86.ActiveCfg = Debug|Win32
		{42E834F6-9866-4632-95C4-3F96E05FBE9D}.Debug|x86.Build.0 = Debug|Win32
		{42E834F6-9866-4632-95C4-3F96E05FBE9D}.Release|x64.ActiveCfg = Release|x64
		{42E834F6-9866-4632-95C4-3F96E05FBE9D}.Release|x64.Build.0 = Release|x64
		{42E834F6-9866-4632-95C4-3F96E05FBE9D}.Release|x86.ActiveCfg = Release|Win32
		{42E834F6-9866-4632-95C4-3F96E05FBE9D}.Release|x86.Build.0 = Release|Win32
		{582118CE-74B2-4AA2-A5CA-50A95126A764}.Debug|x64.ActiveCfg = Debug|x64
		{582118CE-74B2-4AA2-A5CA-50A95126A764}.Debug|x64.Build.0 = Debug|x64
		{582118CE-74B2-4AA2-A5CA-50A95126A764}.Debug|x86.ActiveCfg = Debug|Win32
		{582118CE-74B2-4AA2-A5CA-50A95126A764}.Debug|x86.Build.0 = Debug|Win32
		{582118CE-74B2-4AA2-A5CA-50A95126A764}.Release|x64.ActiveCfg = Release|x64
		{582118CE-74B2-4AA2-A5CA-50A95126A764}.Release|x64.Build.0 = Release|x64
		{582118CE-74B2-4AA2-A5CA-50A95126A764}.Release|x86.ActiveCfg = Release|Win32
		{582118CE-74B2-4AA2-A5CA-50A95126A764}.Release|x86.Build.0 = Release|Win32
		{C9910BEB-C3C3-432D-A3D3-69453853249F}.Debug|x64.ActiveCfg = Debug|x64
		{C9910BEB-C3C3-432D-A3D3-69453853249F}.Debug|x64.Build.0 = Debug|x64
		{C9910BEB-C3C3-432D-A3D3-69453853249F}.Debug|x86.ActiveCfg = Debug|Win32
		{C9910BEB-C3C3-432D-A3D3-69453853249F}.Debug|x86.Build.0 = Debug|Win32
		{C9910BEB-C3C3-432D-A3D3-69453853249F}.Release|x64.ActiveCfg = Release|x64
		{C9910BEB-C3C3-432D-A3D3-69453853249F}.Release|x64.Build.0 = Release|x64
		{C9910BEB-C3C3-432D-A3D3-69453853249F}.Release|x86.ActiveCfg = Release|Win32
		{C9910BEB-C3C3-432D-A3D3-69453853249F}.Release|x86.Build.0 = Release|Win32
		{3C98774A-A85F-49DC-BF4E-40FBC6D61677}.Debug|x64.ActiveCfg = Debug|x64
		{3C98774A-A85F-49DC-BF4E-40FBC6D61677}.Debug|x64.Build.0 = Debug|x64
		{3C98774A-A85F-49DC-BF4E-40FBC6D61677}.Debug|x86.ActiveCfg = Debug|Win32
		{3C98774A-A85F-49DC-BF4E-40FBC6D61677}.Debug|x86.Build.0 = Debug|Win32
		{3C98774A-A85F-49DC-BF4E-40FBC6D61677}.Release|x64.ActiveCfg = Release|x64
		{3C98774A-A85F-49DC-BF4E-40FBC6D61677}.Release|x64.Build.0 = Release|x64
		{3C98774A-A85F-49DC-BF4E-40FBC6D61677}.Release|x86.ActiveCfg = Release|Win32
		{3C98774A-A85F-49DC-BF4E-40FBC6D61677}.Release|x86.Build.0 = Release|Win32
		{BF05D043-1116-4050-A43A-A8E2CFAADDA5}.Debug|x64.ActiveCfg = Debug|x64
		{BF05D043-1116-4050-A43A-A8E2CFAADDA5}.Debug|x64.Build.0 = Debug|x64
		{BF05D043-1116-4050-A43A-A8E2CFAADDA5}.Debug|x86.ActiveCfg = Debug|Win32
		{BF05D043-1116-4050-A43A-A8E2CFAADDA5}.Debug|x86.Build.0 = Debug|Win32
		{BF05D043-1116-4050-A43A-A8E2CFAADDA5}.Release|x64.ActiveCfg = Release|x64
		{BF05D043-1116-4050-A43A-A8E2CFAADDA5}.Release|x64.Build.0 = Release|x64
		{BF05D043-1116-4050-A43A-A8E2CFAADDA5}.Release|x86.ActiveCfg = Release|Win32
		{BF05D043-1116-4050-A43A-A8E2CFAADDA5}.Release|x86.Build.0 = Release|Win32
		{B2C8DF70-00C0-4F75-8DA1-C8D75ADFEE3F}.Debug|x64.ActiveCfg = Debug|x64
		{B2C8DF70-00C0-4F75-8DA1-C8D75ADFEE3F}.Debug|x64.Build.0 = Debug|x64
		{B2C8DF70-00C0-4F75-8DA1-C8D75ADFEE3F}.Debug|x86.ActiveCfg = Debug|Win32
		{B2C8DF70-00C0-4F75-8DA1-C8D75ADFEE3F}.Debug|x86.Build.0 = Debug|Win32
		{B2C8DF70-00C0-4F75-8DA1-C8D75ADFEE3F}.Release|x64.ActiveCfg = Release|x64
		{B2C8DF70-00C0-4F75-8DA1-C8D75ADFEE3F}.Release|x64.Build.0 = Release|x64
		{B2C8DF70-00C0-4F75-8DA1-C8D75ADFEE3F}.Release|x86.ActiveCfg = Release|Win32
		{B2C8DF70-00C0-4F75-8DA1-C8D75ADFEE3F}.Release|x86.Build.0 = Release|Win32
		{B9EEDB09-76B2-4CB5-8D7D-582F37B49762}.Debug|x64.ActiveCfg = Debug|x64
		{B9EEDB09-76B2-4CB5-8D7D-582F37B49762}.Debug|x64.Build.0 = Debug|x64
		{B9EEDB09-76B2-4CB5-8D7D-582F37B49762}.Debug|x86.ActiveCfg = Debug|Win32
		{B9EEDB09-76B2-4CB5-8D7D-582F37B49762}.Debug|x86.Build.0 = Debug|Win32
		{B9EEDB09-76B2-4CB5-8D7D-582F37B49762}.Release|x64.ActiveCfg = Release|x64
		{B9EEDB09-76B2-4CB5-8D7D-582F37B49762}.Release|x64.Build.0 = Release|x64
		{B9EEDB09-76B2-4CB5-8D7D-582F37B49762}.Release|x86.ActiveCfg = Release|Win32
		{B9EEDB09-76B2-4CB5-8D7D-582F37B49762}.Release|x86.Build.0 = Release|Win32
		{9BA0C464-2BA6-4D9C-96B2-DA7D4BBA8165}.Debug|x64.ActiveCfg = Debug|x64
		{9BA0C464-2BA6-4D9C-96B2-DA7D4BBA8165}.Debug|x64.Build.0 = Debug|x64
		{9BA0C464-2BA6-4D9C-96B2-DA7D4BBA8165}.Debug|x86.ActiveCfg = Debug|Win32
		{9BA0C464-2BA6-4D9C-96B2-DA7D4BBA8165}.Debug|x86.Build.0 = Debug|Win32
		{9BA0C464-2BA6-4D9C-96B2-DA7D4BBA8165}.Release|x64.ActiveCfg = Release|x64
		{9BA0C464-2BA6-4D9C-96B2-DA7D4BBA8165}.Release|x64.Build.0 = Release|x64
		{9BA0C464-2BA6-4D9C-96B2-DA7D4BBA8165}.Release|x86.ActiveCfg = Release|Win32
		{9BA0C464-2BA6-4D9C-96B2-DA7D4BBA8165}.Release|x86.Build.0 = Release|Win32
		{339887BA-158E-48F5-83C8-F3362678D55A}.Debug|x64.ActiveCfg = Debug|x64
		{339887BA-158E-48F5-83C8-F3362678D55A}.Debug|x64.Build.0 = Debug|x64
		{339887BA-158E-48F5-83C8-F3362678D55A}.Debug|x86.ActiveCfg = Debug|Win32
		{339887BA-158E-48F5-83C8-F3362678D55A}.Debug|x86.Build.0 = Debug|Win32
		{339887BA-158E-48F5-83C8-F3362678D55A}.Release|x64.ActiveCfg = Release|x64
		{339887BA-158E-48F5-83C8-F3362678D55A}.Release|x64.Build.0 = Release|x64
		{339887BA-158E-48F5-83C8-F3362678D55A}.Release|x86.ActiveCfg = Release|Win32
		{339887BA-158E-48F5-83C8-F3362678D55A}.Release|x86.Build.0 = Release|Win32
		{0A0BB139-CF0C-4B4C-A41F-F7A36348D949}.Debug|x64.ActiveCfg = Debug|x64
		{0A0BB139-CF0C-4B4C-A41F-F7A36348D949}.Debug|x64.Build.0 = Debug|x64
		{0A0BB139-CF0C-4B4C-A41F-F7A36348D949}.Debug|x86.ActiveCfg = Debug|Win32
		{0A0BB139-CF0C-4B4C-A41F-F7A36348D949}.Debug|x86.Build.0 = Debug|Win32
		{0A0BB139-CF0C-4B4C-A41F-F7A36348D949}.Release|x64.ActiveCfg = Release|x64
		{0A0BB139-CF0C-4B4C-A41F-F7A36348D949}.Release|x64.Build.0 = Release|x64
		{0A0BB139-CF0C-4B4C-A41F-F7A36348D949}.Release|x86.ActiveCfg = Release|Win32
		{0A0BB139-CF0C-4B4C-A41F-F7A36348D949}.Release|x86.Build.0 = Release|Win32
		{486ACD52-FE33-4E47-BBD1-E510B349C218}.Debug|x64.ActiveCfg = Debug|x64
		{486ACD52-FE33-4E47-BBD1-E510B349C218}.Debug|x64.Build.0 = Debug|x64
		{486ACD52-FE33-4E47-BBD1-E510B349C218}.Debug|x86.ActiveCfg = Debug|Win32
		{486ACD52-FE33-4E47-BBD1-E510B349C218}.Debug|x86.Build.0 = Debug|Win32
		{486ACD52-FE33-4E47-BBD1-E510B349C218}.Release|x64.ActiveCfg = Release|x64
		{486ACD52-FE33-4E47-BBD1-E510B349C218}.Release|x64.Build.0 = Release|x64
		{486ACD52-FE33-4E47-BBD1-E510B349C218}.Release|x86.ActiveCfg = Release|Win32
		{486ACD52-FE33-4E47-BBD1-E510B349C218}.Release|x86.Build.0 = Release|Win32
		{68A5D319-600A-434E-B3A9-2B1F0E20A9BB}.Debug|x64.ActiveCfg = Debug|x64
		{68A5D319-600A-434E-B3A9-2B1F0E20A9BB}.Debug|x64.Build.0 = Debug|x64
		{68A5D319-600A-434E-B3A9-2B1F0E20A9BB}.Debug|x86.ActiveCfg = Debug|Win32
		{68A5D319-600A-434E-B3A9-2B1F0E20A9BB}.Debug|x86.Build.0 = Debug|Win32
		{68A5D319-600A-434E-B3A9-2B1F0E20A9BB}.Release|x64.ActiveCfg = Release|x64
		{68A5D319-600A-434E-B3A9-2B1F0E20A9BB}.Release|x64.Build.0 = Release|x64
		{68A5D319-600A-434E-B3A9-2B1F0E20A9BB}.Release|x86.ActiveCfg = Release|Win32
		{68A5D319-600A-434E-B3A9-2B1F0E20A9BB}.Release|x86.Build.0 = Release|Win32
		{6229E9EF-AB3D-46AC-9C1B-09C88620470E}.Debug|x64.ActiveCfg = Debug|x64
		{6229E9EF-AB3D-46AC-9C1B-09C88620470E}.Debug|x64.Build.0 = Debug|x64
		{6229E9EF-AB3D-46AC-9C1B-09C88620470E}.Debug|x86.ActiveCfg = Debug|Win32
		{6229E9EF-AB3D-46AC-9C1B-09C88620470E}.Debug|x86.Build.0 = Debug|Win32
		{6229E9EF-AB3D-46AC-9C1B-09C88620470E}.Release|x64.ActiveCfg = Release|x64
		{6229E9EF-AB3D-46AC-9C1B-09C88620470E}.Release|x64.Build.0 = Release|x64
		{6229E9EF-AB3D-46AC-9C1B-09C88620470E}.Release|x86.ActiveCfg = Release|Win32
		{6229E9EF-AB3D-46AC-9C1B-09C88620470E}.Release|x86.Build.0 = Release|Win32
		{B7866FCD-A69D-450F-B625-A804FABCD651}.Debug|x64.ActiveCfg = Debug|x64
		{B7866FCD-A69D-450F-B625-A804FABCD651}.Debug|x64.Build.0 = Debug|x64
		{B7866FCD-A69D-450F-B625-A804FABCD651}.Debug|x86.ActiveCfg = Debug|Win32
		{B7866FCD-A69D-450F-B625-A804FABCD651}.Debug|x86.Build.0 = Debug|Win32
		{B7866FCD-A69D-450F-B625-A804FABCD651}.Release|x64.ActiveCfg = Release|x64
		{B7866FCD-A69D-450F-B625-A804FABCD651}.Release|x64.Build.0 = Release|x64
		{B7866FCD-A69D-450F-B625-A804FABCD651}.Release|x86.ActiveCfg = Release|Win32
		{B7866FCD-A69D-450F-B625-A804FABCD651}.Release|x86.Build.0 = Release|Win32
		{01591937-FFEF-4C95-9D62-B27AF959C9F4}.Debug|x64.ActiveCfg = Debug|x64
		{01591937-FFEF-4C95-9D62-B27AF959C9F4}.Debug|x64.Build.0 = Debug|x64
		{01591937-FFEF-4C95-9D62-B27AF959C9F4}.Debug|x86.ActiveCfg = Debug|Win32
		{01591937-FFEF-4C95-9D62-B27AF959C9F4}.Debug|x86.Build.0 = Debug|Win32
		{01591937-FFEF-4C95-9D62-B27AF959C9F4}.Release|x64.ActiveCfg = Release|x64
		{01591937-FFEF-4C95-9D62-B27AF959C9F4}.Release|x64.Build.0 = Release|x64
		{01591937-FFEF-4C95-9D62-B27AF959C9F4}.Release|x86.ActiveCfg = Release|Win32
		{01591937-FFEF-4C95-9D62-B27AF959C9F4}.Release|x86.Build.0 = Release|Win32
		{140C1A6A-751C-467F-8DEA-FD646B23B799}.Debug|x64.ActiveCfg = Debug|x64
		{140C1A6A-751C-467F-8DEA-FD646B23B799}.Debug|x64.Build.0 = Debug|x64
		{140C1A6A-751C-467F-8DEA-FD646B23B799}.Debug|x86.ActiveCfg = Debug|Win32
		{140C1A6A-751C-467F-8DEA-FD646B23B799}.Debug|x86.Build.0 = Debug|Win32
		{140C1A6A-751C-467F-8DEA-FD646B23B799}.Release|x64.ActiveCfg = Release|x64
		{140C1A6A-751C-467F-8DEA-FD646B23B799}.Release|x64.Build.0 = Release|x64
		{140C1A6A-751C-467F-8DEA-FD646B23B799}.Release|x86.ActiveCfg = Release|Win32
		{140C1A6A-751C-467F-8DEA-FD646B23B799}.Release|x86.Build.0 = Release|Win32
		{DEE5A5D8-FFC0-4D25-BB52-A491072CCF2C}.Debug|x64.ActiveCfg = Debug|x64
		{DEE5A5D8-FFC0-4D25-BB52-A491072CCF2C}.Debug|x64.Build.0 = Debug|x64
		{DEE5A5D8-FFC0-4D25-BB52-A491072CCF2C}.Debug|x86.ActiveCfg = Debug|Win32
		{DEE5A5D8-FFC0-4D25-BB52-A491072CCF2C}.Debug|x86.Build.0 = Debug|Win32
		{DEE5A5D8-FFC0-4D25-BB52-A491072CCF2C}.Release|x64.ActiveCfg = Release|x64
		{DEE5A5D8-FFC0-4D25-BB52-A491072CCF2C}.Release|x64.Build.0 = Release|x64
		{DEE5A5D8-FFC0-4D25-BB52-A491072CCF2C}.Release|x86.ActiveCfg = Release|Win32
		{DEE5A5D8-FFC0-4D25-BB52-A491072CCF2C}.Release|x86.Build.0 = Release|Win32
		{164560FF-9190-4C3E-815C-BEBDB7358BBE}.Debug|x64.ActiveCfg = Debug|x64
		{164560FF-9190-4C3E-815C-BEBDB7358BBE}.Debug|x64.Build.0 = Debug|x64
		{164560FF-9190-4C3E-815C-BEBDB7358BBE}.Debug|x86.ActiveCfg = Debug|Win32
		{164560FF-9190-4C3E-815C-BEBDB7358BBE}.Debug|x86.Build.0 = Debug|Win32
		{164560FF-9190-4C3E-815C-BEBDB7358BBE}.Release|x64.ActiveCfg = Release|x64
		{164560FF-9190-4C3E-815C-BEBDB7358BBE}.Release|x64.Build.0 = Release|x64
		{164560FF-9190-4C3E-815C-BEBDB7358BBE}.Release|x86.ActiveCfg = Release|Win32
		{164560FF-9190-4C3E-815C-BEBDB7358BBE}.Release|x86.Build.0 = Release|Win32
		{519B3B5A-6E06-4F19-8FC9-C356AADCE71F}.Debug|x64.ActiveCfg = Debug|x64
		{519B3B5A-6E06-4F19-8FC9-C356AADCE71F}.Debug|x64.Build.0 = Debug|x64
		{519B3B5A-6E06-4F19-8FC9-C356AADCE71F}.Debug|x86.ActiveCfg = Debug|Win32
		{519B3B5A-6E06-4F19-8FC9-C356AADCE71F}.Debug|x86.Build.0 = Debug|Win32
		{519B3B5A-6E06-4F19-8FC9-C356AADCE71F}.Release|x64.ActiveCfg = Release|x64
		{519B3B5A-6E06-4F19-8FC9-C356AADCE71F}.Release|x64.Build.0 = Release|x64
		{519B3B5A-6E06-4F19-8FC9-C356AADCE71F}.Release|x86.ActiveCfg = Release|Win32
		{519B3B5A-6E06-4F19-8FC9-C356AADCE71F}.Release|x86.Build.0 = Release|Win32
		{D61FF2D8-A31F-4B48-8947-4863B7387A67}.Debug|x64.ActiveCfg = Debug|x64
		{D61FF2D8-A31F-4B48-8947-4863B7387A67}.Debug|x64.Build.0 = Debug|x64
		{D61FF2D8-A31F-4B48-8947-4863B7387A67}.Debug|x86.ActiveCfg = Debug|Win32
		{D61FF2D8-A31F-4B48-8947-4863B7387A67}.Debug|x86.Build.0 = Debug|Win32
		{D61FF2D8-A31F-4B48-8947-4863B7387A67}.Release|x64.ActiveCfg = Release|x64
		{D61FF2D8-A31F-4B48-8947-4863B7387A67}.Release|x64.Build.0 = Release|x64
		{D61FF2D8-A31F-4B48-8947-4863B7387A67}.Release|x86.ActiveCfg = Release|Win32
		{D61FF2D8-A31F-4B48-8947-4863B7387A67}.Release|x86.Build.0 = Release|Win32
		{95A57D78-82DE-4294-85E4-23788A651E74}.Debug|x64.ActiveCfg = Debug|x64
		{95A57D78-82DE-4294-85E4-23788A651E74}.Debug|x64.Build.0 = Debug|x64
		{95A57D78-82DE-4294-85E4-23788A651E74}.Debug|x86.ActiveCfg = Debug|Win32
		{95A57D78-82DE-4294-85E4-23788A651E74}.Debug|x86.Build.0 = Debug|Win32
		{95A57D78-82DE-4294-85E4-23788A651E74}.Release|x64.ActiveCfg = Release|x64
		{95A57D78-82DE-4294-85E4-23788A651E74}.Release|x64.Build.0 = Release|x64
		{95A57D78-82DE-4294-85E4-23788A651E74}.Release|x86.ActiveCfg = Release|Win32
		{95A57D78-82DE-4294-85E4-23788A651E74}.Release|x86.Build.0 = Release|Win32
		{D48BAE80-A468-41AB-9225-4CB236CB39D4}.Debug|x64.ActiveCfg = Debug|x64
		{D48BAE80-A468-41AB-9225-4CB236CB39D4}.Debug|x64.Build.0 = Debug|x64
		{D48BAE80-A468-41AB-9225-4CB236CB39D4}.Debug|x86.ActiveCfg = Debug|Win32
		{D48BAE80-A468-41AB-9225-4CB236CB39D4}.Debug|x86.Build.0 = Debug|Win32
		{D48BAE80-A468-41AB-9225-4CB236CB39D4}.Release|x64.ActiveCfg = Release|x64
		{D48BAE80-A468-41AB-9225-4CB236CB39D4}.Release|x64.Build.0 = Release|x64
		{D48BAE80-A468-41AB-9225-4CB236CB39D4}.Release|x86.ActiveCfg = Release|Win32
		{D48BAE80-A468-41AB-9225-4CB236CB39D4}.Release|x86.Build.0 = Release|Win32
		{38E093AF-760B-4350-869D-B2398091A0F0}.Debug|x64.ActiveCfg = Debug|x64
		{38E093AF-760B-4350-869D-B2398091A0F0}.Debug|x64.Build.0 = Debug|x64
		{38E093AF-760B-4350-869D-B2398091A0F0}.Debug|x86.ActiveCfg = Debug|Win32
		{38E093AF-760B-4350-869D-B2398091A0F0}.Debug|x86.Build.0 = Debug|Win32
		{38E093AF-760B-4350-869D-B2398091A0F0}.Release|x64.ActiveCfg = Release|x64
		{38E093AF-760B-4350-869D-B2398091A0F0}.Release|x64.Build.0 = Release|x64
		{38E093AF-760B-4350-869D-B2398091A0F0}.Release|x86.ActiveCfg = Release|Win32
		{38E093AF-760B-4350-869D-B2398091A0F0}.Release|x86.Build.0 = Release|Win32
	EndGlobalSection
	GlobalSection(SolutionProperties) = preSolution
		HideSolutionNode = FALSE
	EndGlobalSection
	GlobalSection(NestedProjects) = preSolution
		{19A77248-8379-4949-BCBE-DE20406A7906} = {EF865597-F07D-4C0E-B0BC-E3CE1735A99E}
		{EB78CF1C-CB90-4FEB-A283-3DEE2F7F4A19} = {EF865597-F07D-4C0E-B0BC-E3CE1735A99E}
		{4640C6D4-C7B9-4B71-B088-D3EFDD401940} = {EF865597-F07D-4C0E-B0BC-E3CE1735A99E}
		{858FCA22-3544-47B0-A007-B6CC8430FD5A} = {EF865597-F07D-4C0E-B0BC-E3CE1735A99E}
		{E5660DBF-91DC-46EA-86C4-07FFF87D11E2} = {EF865597-F07D-4C0E-B0BC-E3CE1735A99E}
		{97BE19C1-7F46-4706-ADFB-CBC420B9C527} = {EF865597-F07D-4C0E-B0BC-E3CE1735A99E}
		{AA6B8A08-E957-40EA-ADE1-41018EAEE43B} = {EF865597-F07D-4C0E-B0BC-E3CE1735A99E}
		{467490F4-B504-43CD-88F1-ED5B843B729A} = {EF865597-F07D-4C0E-B0BC-E3CE1735A99E}
		{9DEC74E9-03EF-4A70-9FDD-439004CB1B44} = {EF865597-F07D-4C0E-B0BC-E3CE1735A99E}
		{93C15EA9-A7B3-4CC3-87B3-5C9A2AC927E6} = {EF865597-F07D-4C0E-B0BC-E3CE1735A99E}
		{3732D201-4F48-465D-885B-2ECD8BA85AFF} = {EF865597-F07D-4C0E-B0BC-E3CE1735A99E}
		{F84A7571-B693-4A03-80CF-90652DA0D484} = {EF865597-F07D-4C0E-B0BC-E3CE1735A99E}
		{3B2BDB96-789D-4F79-BD5E-FFF61A8985AC} = {EF865597-F07D-4C0E-B0BC-E3CE1735A99E}
		{C34EB43C-C5C5-4C3A-A4C3-E48E89EEB122} = {EF865597-F07D-4C0E-B0BC-E3CE1735A99E}
		{D385A8F6-C761-431E-9297-927BA346D981} = {D6F5BF10-EE56-424C-858D-5DF4CBF85BCE}
		{34DB0497-555A-45AD-B38F-CDE52C40A14A} = {D6F5BF10-EE56-424C-858D-5DF4CBF85BCE}
		{22E56944-1323-48D1-BFBC-9C814834EE56} = {D6F5BF10-EE56-424C-858D-5DF4CBF85BCE}
		{F4D336CF-7506-431E-B8C0-256003DA552B} = {D6F5BF10-EE56-424C-858D-5DF4CBF85BCE}
		{7C8B12A4-1CE3-419E-9D1C-15F9AAEBB22E} = {D6F5BF10-EE56-424C-858D-5DF4CBF85BCE}
		{73775920-B994-4158-8083-3E57049AAC1C} = {D6F5BF10-EE56-424C-858D-5DF4CBF85BCE}
		{B56C7AB4-A24E-4758-813B-FFA4593CBED7} = {D6F5BF10-EE56-424C-858D-5DF4CBF85BCE}
		{7AD851B3-9735-4310-AAE3-C860C09024FE} = {D6F5BF10-EE56-424C-858D-5DF4CBF85BCE}
		{AB827B93-78B0-4AFE-B497-004D4A728B8A} = {D6F5BF10-EE56-424C-858D-5DF4CBF85BCE}
		{28CA5A35-3F69-4A41-BE65-C367ADA56F10} = {D6F5BF10-EE56-424C-858D-5DF4CBF85BCE}
		{19330693-1803-410A-B3FF-E1568A94F7FE} = {D6F5BF10-EE56-424C-858D-5DF4CBF85BCE}
		{D4925342-FDFF-41CB-AA2F-74A3E7C734A9} = {D6F5BF10-EE56-424C-858D-5DF4CBF85BCE}
		{154554F6-6AD0-49B9-9212-79504BEDCFA5} = {D6F5BF10-EE56-424C-858D-5DF4CBF85BCE}
		{D84184AF-AD9C-4A4A-904D-099159F715FB} = {D6F5BF10-EE56-424C-858D-5DF4CBF85BCE}
		{B73C09F8-8F79-42F4-945A-403CA36A1D18} = {508620CE-AB8A-4134-84CF-9F01FB96CD33}
		{3039B3C0-043C-4E11-8DC8-E1F5BF53D8E9} = {508620CE-AB8A-4134-84CF-9F01FB96CD33}
		{E7CD5EC4-13F8-4D5B-A804-C2DEBD09B20B} = {508620CE-AB8A-4134-84CF-9F01FB96CD33}
		{BD1C8C13-5103-49A9-9D95-542B146E2887} = {508620CE-AB8A-4134-84CF-9F01FB96CD33}
		{5984D6D6-A738-43F6-A0A1-F197B7F00929} = {508620CE-AB8A-4134-84CF-9F01FB96CD33}
		{AC00F7C5-C5BF-4846-A10B-84F7BF37241C} = {508620CE-AB8A-4134-84CF-9F01FB96CD33}
		{55DB64DC-F106-403F-8842-38337F0D0890} = {508620CE-AB8A-4134-84CF-9F01FB96CD33}
		{872A770D-0F9A-4D79-8C84-B71179C0942F} = {508620CE-AB8A-4134-84CF-9F01FB96CD33}
		{6401C8CD-B22F-4FB2-8D0F-B6D6DE3D1FA2} = {508620CE-AB8A-4134-84CF-9F01FB96CD33}
		{E5E284B0-58B3-46B2-82F9-B011D7388428} = {508620CE-AB8A-4134-84CF-9F01FB96CD33}
		{8742BB9D-6E74-464E-9940-53774EDDB2A1} = {508620CE-AB8A-4134-84CF-9F01FB96CD33}
		{E09537DC-2098-4FDC-B996-9D7D2A83BC4C} = {508620CE-AB8A-4134-84CF-9F01FB96CD33}
		{AD0E6727-06FE-457C-AA5A-9116538431F4} = {508620CE-AB8A-4134-84CF-9F01FB96CD33}
		{FED9B5B3-90C7-4B8A-A889-2EBD1EB5F249} = {508620CE-AB8A-4134-84CF-9F01FB96CD33}
		{81B2E924-4B61-4ADB-A764-E1AE4553FD44} = {82140945-9F84-4863-8EFF-3F82D4B79DB1}
		{C90EA75E-31FF-4E78-978D-C9C1B799465A} = {82140945-9F84-4863-8EFF-3F82D4B79DB1}
		{70CBD2A0-8B09-4428-9260-29176D8997D0} = {82140945-9F84-4863-8EFF-3F82D4B79DB1}
		{2AB0DD9F-7768-4027-ACED-00F07C5AE2C2} = {82140945-9F84-4863-8EFF-3F82D4B79DB1}
		{3A96B658-F2B6-4C09-9D77-9852A4BCFFF0} = {82140945-9F84-4863-8EFF-3F82D4B79DB1}
		{4C21EE37-61AA-4F2B-B736-8CFEC00E2D1E} = {82140945-9F84-4863-8EFF-3F82D4B79DB1}
		{0B25C418-EB0A-474A-8042-2DD3ACA3525D} = {82140945-9F84-4863-8EFF-3F82D4B79DB1}
		{B0A1C5DF-CDE7-49F0-9FC1-5C259140B3D3} = {82140945-9F84-4863-8EFF-3F82D4B79DB1}
		{883B82D1-B29E-4F0E-B195-086CA248AD4C} = {82140945-9F84-4863-8EFF-3F82D4B79DB1}
		{4C3E6D53-FBD7-483E-A391-DDD4193ECD5E} = {82140945-9F84-4863-8EFF-3F82D4B79DB1}
		{C379A1BD-4041-4D03-AAA0-47F998274E0A} = {82140945-9F84-4863-8EFF-3F82D4B79DB1}
		{076AD017-5CE1-4682-AED7-632CDC967D86} = {82140945-9F84-4863-8EFF-3F82D4B79DB1}
		{114E4EE8-0A5F-41B9-AAEB-E01415511D84} = {EF055BC4-F6B6-4EE3-9EE0-509B11D80A42}
		{05CC7C4B-6F65-4443-83F0-43CDCEEBE2EB} = {EF055BC4-F6B6-4EE3-9EE0-509B11D80A42}
		{9D759E2F-2141-4A61-82FE-4EB59F1943CA} = {EF055BC4-F6B6-4EE3-9EE0-509B11D80A42}
		{09C4C374-5812-4126-9F85-E743294731E4} = {EF055BC4-F6B6-4EE3-9EE0-509B11D80A42}
		{BE5BDD90-ED19-4B60-BD0A-9F3D4C1CC6ED} = {EF055BC4-F6B6-4EE3-9EE0-509B11D80A42}
		{BF00111A-62F1-45E5-A327-E4A1CF957327} = {EF055BC4-F6B6-4EE3-9EE0-509B11D80A42}
		{6EC07029-1993-4842-B565-E6D0E22BA84D} = {EF055BC4-F6B6-4EE3-9EE0-509B11D80A42}
		{40D1F100-CE4C-443F-ADC5-02847C8FE74A} = {EF055BC4-F6B6-4EE3-9EE0-509B11D80A42}
		{D323ADE0-2279-4BBE-AFDE-49B40DE684DA} = {EF055BC4-F6B6-4EE3-9EE0-509B11D80A42}
		{A58AC3DA-84BA-4B2A-BC68-99D040A938C1} = {EF055BC4-F6B6-4EE3-9EE0-509B11D80A42}
		{4F0B9844-020E-4CA3-A773-E49CA3D4BB63} = {EF055BC4-F6B6-4EE3-9EE0-509B11D80A42}
		{FE578EDD-529F-49C2-8C99-FFAEC6976E5E} = {EF055BC4-F6B6-4EE3-9EE0-509B11D80A42}
		{A9E3E7D0-CB9F-4599-BC07-998260512730} = {EF055BC4-F6B6-4EE3-9EE0-509B11D80A42}
		{F2E8B4A7-E83A-4D33-BD55-047F47731E94} = {EF055BC4-F6B6-4EE3-9EE0-509B11D80A42}
		{EB7190C4-E382-453E-B302-1E08E4E22C8F} = {94C7AA41-D9E1-4A2B-94BD-B4ABAD22C4B8}
		{8392C681-300E-4B8A-AC0A-37C85F715D87} = {94C7AA41-D9E1-4A2B-94BD-B4ABAD22C4B8}
		{5B37B782-5CD2-4492-9928-E81CEDC2D3C2} = {94C7AA41-D9E1-4A2B-94BD-B4ABAD22C4B8}
		{42E834F6-9866-4632-95C4-3F96E05FBE9D} = {94C7AA41-D9E1-4A2B-94BD-B4ABAD22C4B8}
		{582118CE-74B2-4AA2-A5CA-50A95126A764} = {94C7AA41-D9E1-4A2B-94BD-B4ABAD22C4B8}
		{C9910BEB-C3C3-432D-A3D3-69453853249F} = {94C7AA41-D9E1-4A2B-94BD-B4ABAD22C4B8}
		{3C98774A-A85F-49DC-BF4E-40FBC6D61677} = {94C7AA41-D9E1-4A2B-94BD-B4ABAD22C4B8}
		{BF05D043-1116-4050-A43A-A8E2CFAADDA5} = {94C7AA41-D9E1-4A2B-94BD-B4ABAD22C4B8}
		{B2C8DF70-00C0-4F75-8DA1-C8D75ADFEE3F} = {94C7AA41-D9E1-4A2B-94BD-B4ABAD22C4B8}
		{B9EEDB09-76B2-4CB5-8D7D-582F37B49762} = {94C7AA41-D9E1-4A2B-94BD-B4ABAD22C4B8}
		{9BA0C464-2BA6-4D9C-96B2-DA7D4BBA8165} = {94C7AA41-D9E1-4A2B-94BD-B4ABAD22C4B8}
		{339887BA-158E-48F5-83C8-F3362678D55A} = {94C7AA41-D9E1-4A2B-94BD-B4ABAD22C4B8}
		{0A0BB139-CF0C-4B4C-A41F-F7A36348D949} = {94C7AA41-D9E1-4A2B-94BD-B4ABAD22C4B8}
		{486ACD52-FE33-4E47-BBD1-E510B349C218} = {D6195F04-7CD9-4133-A596-BAF2E80CAAA6}
		{68A5D319-600A-434E-B3A9-2B1F0E20A9BB} = {D6195F04-7CD9-4133-A596-BAF2E80CAAA6}
		{6229E9EF-AB3D-46AC-9C1B-09C88620470E} = {D6195F04-7CD9-4133-A596-BAF2E80CAAA6}
		{B7866FCD-A69D-450F-B625-A804FABCD651} = {D6195F04-7CD9-4133-A596-BAF2E80CAAA6}
		{01591937-FFEF-4C95-9D62-B27AF959C9F4} = {D6195F04-7CD9-4133-A596-BAF2E80CAAA6}
		{140C1A6A-751C-467F-8DEA-FD646B23B799} = {D6195F04-7CD9-4133-A596-BAF2E80CAAA6}
		{DEE5A5D8-FFC0-4D25-BB52-A491072CCF2C} = {D6195F04-7CD9-4133-A596-BAF2E80CAAA6}
		{164560FF-9190-4C3E-815C-BEBDB7358BBE} = {D6195F04-7CD9-4133-A596-BAF2E80CAAA6}
		{519B3B5A-6E06-4F19-8FC9-C356AADCE71F} = {D6195F04-7CD9-4133-A596-BAF2E80CAAA6}
		{D61FF2D8-A31F-4B48-8947-4863B7387A67} = {D6195F04-7CD9-4133-A596-BAF2E80CAAA6}
		{95A57D78-82DE-4294-85E4-23788A651E74} = {D6195F04-7CD9-4133-A596-BAF2E80CAAA6}
		{D48BAE80-A468-41AB-9225-4CB236CB39D4} = {D6195F04-7CD9-4133-A596-BAF2E80CAAA6}
		{38E093AF-760B-4350-869D-B2398091A0F0} = {D6195F04-7CD9-4133-A596-BAF2E80CAAA6}
	EndGlobalSection
EndGlobal
