
Microsoft Visual Studio Solution File, Format Version 12.00
# Visual Studio 14
VisualStudioVersion = 14.0.23107.0
MinimumVisualStudioVersion = 10.0.40219.1
Project("{8BC9CEB8-8B4A-11D0-8D11-00A0C91BC942}") = "week1-t1", "tasks.vcxproj", "{19A77248-8379-4949-BCBE-DE20406A7906}"
EndProject
Project("{8BC9CEB8-8B4A-11D0-8D11-00A0C91BC942}") = "week1-t2", "..\week1-t2\week1-t2.vcxproj", "{EB78CF1C-CB90-4FEB-A283-3DEE2F7F4A19}"
EndProject
Project("{8BC9CEB8-8B4A-11D0-8D11-00A0C91BC942}") = "week1-t3", "week1-t3\week1-t3.vcxproj", "{4640C6D4-C7B9-4B71-B088-D3EFDD401940}"
EndProject
Project("{8BC9CEB8-8B4A-11D0-8D11-00A0C91BC942}") = "week1-t4", "week1-t4\week1-t4.vcxproj", "{858FCA22-3544-47B0-A007-B6CC8430FD5A}"
EndProject
Project("{8BC9CEB8-8B4A-11D0-8D11-00A0C91BC942}") = "week1-t5", "week1-t5\week1-t5.vcxproj", "{E5660DBF-91DC-46EA-86C4-07FFF87D11E2}"
EndProject
Global
	GlobalSection(SolutionConfigurationPlatforms) = preSolution
		Debug|x64 = Debug|x64
		Debug|x86 = Debug|x86
		Release|x64 = Release|x64
		Release|x86 = Release|x86
	EndGlobalSection
	GlobalSection(ProjectConfigurationPlatforms) = postSolution
		{19A77248-8379-4949-BCBE-DE20406A7906}.Debug|x64.ActiveCfg = Debug|x64
		{19A77248-8379-4949-BCBE-DE20406A7906}.Debug|x64.Build.0 = Debug|x64
		{19A77248-8379-4949-BCBE-DE20406A7906}.Debug|x86.ActiveCfg = Debug|Win32
		{19A77248-8379-4949-BCBE-DE20406A7906}.Debug|x86.Build.0 = Debug|Win32
		{19A77248-8379-4949-BCBE-DE20406A7906}.Release|x64.ActiveCfg = Release|x64
		{19A77248-8379-4949-BCBE-DE20406A7906}.Release|x64.Build.0 = Release|x64
		{19A77248-8379-4949-BCBE-DE20406A7906}.Release|x86.ActiveCfg = Release|Win32
		{19A77248-8379-4949-BCBE-DE20406A7906}.Release|x86.Build.0 = Release|Win32
		{EB78CF1C-CB90-4FEB-A283-3DEE2F7F4A19}.Debug|x64.ActiveCfg = Debug|x64
		{EB78CF1C-CB90-4FEB-A283-3DEE2F7F4A19}.Debug|x64.Build.0 = Debug|x64
		{EB78CF1C-CB90-4FEB-A283-3DEE2F7F4A19}.Debug|x86.ActiveCfg = Debug|Win32
		{EB78CF1C-CB90-4FEB-A283-3DEE2F7F4A19}.Debug|x86.Build.0 = Debug|Win32
		{EB78CF1C-CB90-4FEB-A283-3DEE2F7F4A19}.Release|x64.ActiveCfg = Release|x64
		{EB78CF1C-CB90-4FEB-A283-3DEE2F7F4A19}.Release|x64.Build.0 = Release|x64
		{EB78CF1C-CB90-4FEB-A283-3DEE2F7F4A19}.Release|x86.ActiveCfg = Release|Win32
		{EB78CF1C-CB90-4FEB-A283-3DEE2F7F4A19}.Release|x86.Build.0 = Release|Win32
		{4640C6D4-C7B9-4B71-B088-D3EFDD401940}.Debug|x64.ActiveCfg = Debug|x64
		{4640C6D4-C7B9-4B71-B088-D3EFDD401940}.Debug|x64.Build.0 = Debug|x64
		{4640C6D4-C7B9-4B71-B088-D3EFDD401940}.Debug|x86.ActiveCfg = Debug|Win32
		{4640C6D4-C7B9-4B71-B088-D3EFDD401940}.Debug|x86.Build.0 = Debug|Win32
		{4640C6D4-C7B9-4B71-B088-D3EFDD401940}.Release|x64.ActiveCfg = Release|x64
		{4640C6D4-C7B9-4B71-B088-D3EFDD401940}.Release|x64.Build.0 = Release|x64
		{4640C6D4-C7B9-4B71-B088-D3EFDD401940}.Release|x86.ActiveCfg = Release|Win32
		{4640C6D4-C7B9-4B71-B088-D3EFDD401940}.Release|x86.Build.0 = Release|Win32
		{858FCA22-3544-47B0-A007-B6CC8430FD5A}.Debug|x64.ActiveCfg = Debug|x64
		{858FCA22-3544-47B0-A007-B6CC8430FD5A}.Debug|x64.Build.0 = Debug|x64
		{858FCA22-3544-47B0-A007-B6CC8430FD5A}.Debug|x86.ActiveCfg = Debug|Win32
		{858FCA22-3544-47B0-A007-B6CC8430FD5A}.Debug|x86.Build.0 = Debug|Win32
		{858FCA22-3544-47B0-A007-B6CC8430FD5A}.Release|x64.ActiveCfg = Release|x64
		{858FCA22-3544-47B0-A007-B6CC8430FD5A}.Release|x64.Build.0 = Release|x64
		{858FCA22-3544-47B0-A007-B6CC8430FD5A}.Release|x86.ActiveCfg = Release|Win32
		{858FCA22-3544-47B0-A007-B6CC8430FD5A}.Release|x86.Build.0 = Release|Win32
		{E5660DBF-91DC-46EA-86C4-07FFF87D11E2}.Debug|x64.ActiveCfg = Debug|x64
		{E5660DBF-91DC-46EA-86C4-07FFF87D11E2}.Debug|x64.Build.0 = Debug|x64
		{E5660DBF-91DC-46EA-86C4-07FFF87D11E2}.Debug|x86.ActiveCfg = Debug|Win32
		{E5660DBF-91DC-46EA-86C4-07FFF87D11E2}.Debug|x86.Build.0 = Debug|Win32
		{E5660DBF-91DC-46EA-86C4-07FFF87D11E2}.Release|x64.ActiveCfg = Release|x64
		{E5660DBF-91DC-46EA-86C4-07FFF87D11E2}.Release|x64.Build.0 = Release|x64
		{E5660DBF-91DC-46EA-86C4-07FFF87D11E2}.Release|x86.ActiveCfg = Release|Win32
		{E5660DBF-91DC-46EA-86C4-07FFF87D11E2}.Release|x86.Build.0 = Release|Win32
	EndGlobalSection
	GlobalSection(SolutionProperties) = preSolution
		HideSolutionNode = FALSE
	EndGlobalSection
EndGlobal
